// !$*UTF8*$!
{
	archiveVersion = 1;
	classes = {
	};
	objectVersion = 56;
	objects = {

/* Begin PBXBuildFile section */
		AB05D09D2D6BFAC7002F911C /* DateUtilitiesTest.swift in Sources */ = {isa = PBXBuildFile; fileRef = AB05D09C2D6BFAC7002F911C /* DateUtilitiesTest.swift */; };
		AB0F23762B184F6800F8C3A6 /* WorkoutHistoryViewModel.swift in Sources */ = {isa = PBXBuildFile; fileRef = AB0F23752B184F6800F8C3A6 /* WorkoutHistoryViewModel.swift */; };
		AB0F23782B1995D400F8C3A6 /* WorkoutHistoryListView.swift in Sources */ = {isa = PBXBuildFile; fileRef = AB0F23772B1995D400F8C3A6 /* WorkoutHistoryListView.swift */; };
		AB0F238B2B199BD200F8C3A6 /* WorkoutHistory+CoreDataClass.swift in Sources */ = {isa = PBXBuildFile; fileRef = AB0F23892B199BD200F8C3A6 /* WorkoutHistory+CoreDataClass.swift */; };
		AB0F238C2B199BD200F8C3A6 /* WorkoutHistory+CoreDataProperties.swift in Sources */ = {isa = PBXBuildFile; fileRef = AB0F238A2B199BD200F8C3A6 /* WorkoutHistory+CoreDataProperties.swift */; };
		AB0F238F2B199BEC00F8C3A6 /* HistoryGrip+CoreDataClass.swift in Sources */ = {isa = PBXBuildFile; fileRef = AB0F238D2B199BEC00F8C3A6 /* HistoryGrip+CoreDataClass.swift */; };
		AB0F23902B199BEC00F8C3A6 /* HistoryGrip+CoreDataProperties.swift in Sources */ = {isa = PBXBuildFile; fileRef = AB0F238E2B199BEC00F8C3A6 /* HistoryGrip+CoreDataProperties.swift */; };
		AB125DC92AE49DF400357717 /* WorkoutCardView.swift in Sources */ = {isa = PBXBuildFile; fileRef = AB125DC82AE49DF400357717 /* WorkoutCardView.swift */; };
		AB125DCB2AE597A100357717 /* PersistenceController.swift in Sources */ = {isa = PBXBuildFile; fileRef = AB125DCA2AE597A100357717 /* PersistenceController.swift */; };
		AB125DCD2AE5CCF100357717 /* DateUtilities.swift in Sources */ = {isa = PBXBuildFile; fileRef = AB125DCC2AE5CCF100357717 /* DateUtilities.swift */; };
		AB125DCF2AE5D49600357717 /* WorkoutType.swift in Sources */ = {isa = PBXBuildFile; fileRef = AB125DCE2AE5D49600357717 /* WorkoutType.swift */; };
		AB125DD12AE5DB4400357717 /* ColorUtilities.swift in Sources */ = {isa = PBXBuildFile; fileRef = AB125DD02AE5DB4400357717 /* ColorUtilities.swift */; };
		AB125DD32AE5DD7000357717 /* WorkoutDetailView.swift in Sources */ = {isa = PBXBuildFile; fileRef = AB125DD22AE5DD7000357717 /* WorkoutDetailView.swift */; };
		AB125DD52AE60D3F00357717 /* NewWorkoutView.swift in Sources */ = {isa = PBXBuildFile; fileRef = AB125DD42AE60D3F00357717 /* NewWorkoutView.swift */; };
		AB125DD72AE6142200357717 /* WorkoutEditForm.swift in Sources */ = {isa = PBXBuildFile; fileRef = AB125DD62AE6142200357717 /* WorkoutEditForm.swift */; };
		AB125DDB2AE61D5900357717 /* WorkoutViewModel.swift in Sources */ = {isa = PBXBuildFile; fileRef = AB125DDA2AE61D5900357717 /* WorkoutViewModel.swift */; };
		AB125DF42AE752FB00357717 /* Workout+CoreDataClass.swift in Sources */ = {isa = PBXBuildFile; fileRef = AB125DEC2AE752FB00357717 /* Workout+CoreDataClass.swift */; };
		AB125DF52AE752FB00357717 /* Workout+CoreDataProperties.swift in Sources */ = {isa = PBXBuildFile; fileRef = AB125DED2AE752FB00357717 /* Workout+CoreDataProperties.swift */; };
		AB125DF62AE752FB00357717 /* Grip+CoreDataClass.swift in Sources */ = {isa = PBXBuildFile; fileRef = AB125DEE2AE752FB00357717 /* Grip+CoreDataClass.swift */; };
		AB125DF72AE752FB00357717 /* Grip+CoreDataProperties.swift in Sources */ = {isa = PBXBuildFile; fileRef = AB125DEF2AE752FB00357717 /* Grip+CoreDataProperties.swift */; };
		AB125DF82AE752FB00357717 /* WorkoutType+CoreDataClass.swift in Sources */ = {isa = PBXBuildFile; fileRef = AB125DF02AE752FB00357717 /* WorkoutType+CoreDataClass.swift */; };
		AB125DF92AE752FB00357717 /* WorkoutType+CoreDataProperties.swift in Sources */ = {isa = PBXBuildFile; fileRef = AB125DF12AE752FB00357717 /* WorkoutType+CoreDataProperties.swift */; };
		AB125DFA2AE752FB00357717 /* GripType+CoreDataClass.swift in Sources */ = {isa = PBXBuildFile; fileRef = AB125DF22AE752FB00357717 /* GripType+CoreDataClass.swift */; };
		AB125DFB2AE752FB00357717 /* GripType+CoreDataProperties.swift in Sources */ = {isa = PBXBuildFile; fileRef = AB125DF32AE752FB00357717 /* GripType+CoreDataProperties.swift */; };
		AB125DFF2AE8B1FD00357717 /* TextUtilities.swift in Sources */ = {isa = PBXBuildFile; fileRef = AB125DFE2AE8B1FD00357717 /* TextUtilities.swift */; };
		AB15815A2AF9F4C900BCB088 /* GripCardView.swift in Sources */ = {isa = PBXBuildFile; fileRef = AB1581592AF9F4C900BCB088 /* GripCardView.swift */; };
		AB1BF8662AFDE74E004579FF /* GripEditView.swift in Sources */ = {isa = PBXBuildFile; fileRef = AB1BF8652AFDE74E004579FF /* GripEditView.swift */; };
		AB1BF86E2B003B64004579FF /* GripViewModelTests.swift in Sources */ = {isa = PBXBuildFile; fileRef = AB1BF86D2B003B64004579FF /* GripViewModelTests.swift */; };
		AB1BF8702B005E46004579FF /* WorkoutEditView.swift in Sources */ = {isa = PBXBuildFile; fileRef = AB1BF86F2B005E46004579FF /* WorkoutEditView.swift */; };
		AB1BF8722B017AB1004579FF /* WorkoutViewModelTests.swift in Sources */ = {isa = PBXBuildFile; fileRef = AB1BF8712B017AB1004579FF /* WorkoutViewModelTests.swift */; };
		AB2C7A5F2B33EFF5003D9929 /* Popovers in Frameworks */ = {isa = PBXBuildFile; productRef = AB2C7A5E2B33EFF5003D9929 /* Popovers */; };
		AB2C7A612B33F84E003D9929 /* InfoButtonWithPopover.swift in Sources */ = {isa = PBXBuildFile; fileRef = AB2C7A602B33F84E003D9929 /* InfoButtonWithPopover.swift */; };
		AB3FD8362AC28BA5009D6C71 /* CountdownTimerTests.swift in Sources */ = {isa = PBXBuildFile; fileRef = AB3FD8352AC28BA5009D6C71 /* CountdownTimerTests.swift */; };
		AB42096E2D0E3AB900301114 /* DualHandModeSection.swift in Sources */ = {isa = PBXBuildFile; fileRef = AB42096D2D0E3AB900301114 /* DualHandModeSection.swift */; };
		AB4E700A2B12771B00878AD7 /* GripPropertiesTests.swift in Sources */ = {isa = PBXBuildFile; fileRef = AB4E70092B12771B00878AD7 /* GripPropertiesTests.swift */; };
		AB4E700C2B14459900878AD7 /* WorkoutPropertiesTests.swift in Sources */ = {isa = PBXBuildFile; fileRef = AB4E700B2B14459900878AD7 /* WorkoutPropertiesTests.swift */; };
		AB6404632AD24D7D002A9778 /* TimerButtonsViewTests.swift in Sources */ = {isa = PBXBuildFile; fileRef = AB6404622AD24D7D002A9778 /* TimerButtonsViewTests.swift */; };
		AB6404652AD35424002A9778 /* TimeTextRow.swift in Sources */ = {isa = PBXBuildFile; fileRef = AB6404642AD35424002A9778 /* TimeTextRow.swift */; };
		AB75049C2B0AA86E007FACAB /* TimerGripTextView.swift in Sources */ = {isa = PBXBuildFile; fileRef = AB75049B2B0AA86E007FACAB /* TimerGripTextView.swift */; };
		AB7504A12B0AB788007FACAB /* CountdownTimerWorkoutView.swift in Sources */ = {isa = PBXBuildFile; fileRef = AB7504A02B0AB788007FACAB /* CountdownTimerWorkoutView.swift */; };
		AB7E61B32AC3DD8C0081D475 /* TimerHeader.swift in Sources */ = {isa = PBXBuildFile; fileRef = AB7E61B22AC3DD8C0081D475 /* TimerHeader.swift */; };
		AB7E61B62AC5150D0081D475 /* TimerUtilities.swift in Sources */ = {isa = PBXBuildFile; fileRef = AB7E61B52AC5150D0081D475 /* TimerUtilities.swift */; };
		AB7E61B92AC51DDD0081D475 /* TimerUtilitiesTests.swift in Sources */ = {isa = PBXBuildFile; fileRef = AB7E61B82AC51DDD0081D475 /* TimerUtilitiesTests.swift */; };
		AB7E61BB2AC520520081D475 /* TimerDurationsView.swift in Sources */ = {isa = PBXBuildFile; fileRef = AB7E61BA2AC520520081D475 /* TimerDurationsView.swift */; };
		AB7E61BD2AC5225C0081D475 /* ProgressStepper.swift in Sources */ = {isa = PBXBuildFile; fileRef = AB7E61BC2AC5225C0081D475 /* ProgressStepper.swift */; };
		AB89A6822B264F0600BF1D80 /* synth_high.caf in Resources */ = {isa = PBXBuildFile; fileRef = AB89A6802B264F0600BF1D80 /* synth_high.caf */; };
		AB89A6832B264F0600BF1D80 /* synth_low.caf in Resources */ = {isa = PBXBuildFile; fileRef = AB89A6812B264F0600BF1D80 /* synth_low.caf */; };
		AB89A6862B26549000BF1D80 /* electric_low.caf in Resources */ = {isa = PBXBuildFile; fileRef = AB89A6842B26549000BF1D80 /* electric_low.caf */; };
		AB89A6872B26549000BF1D80 /* electric_high.caf in Resources */ = {isa = PBXBuildFile; fileRef = AB89A6852B26549000BF1D80 /* electric_high.caf */; };
		AB89A68A2B26562300BF1D80 /* glass_high.caf in Resources */ = {isa = PBXBuildFile; fileRef = AB89A6882B26562300BF1D80 /* glass_high.caf */; };
		AB89A68B2B26562300BF1D80 /* glass_low.caf in Resources */ = {isa = PBXBuildFile; fileRef = AB89A6892B26562300BF1D80 /* glass_low.caf */; };
		AB89A6932B265EF100BF1D80 /* WorkoutTests.swift in Sources */ = {isa = PBXBuildFile; fileRef = AB89A6922B265EF100BF1D80 /* WorkoutTests.swift */; };
		AB89A69C2B2668EA00BF1D80 /* GripsTest.swift in Sources */ = {isa = PBXBuildFile; fileRef = AB89A69B2B2668EA00BF1D80 /* GripsTest.swift */; };
		AB8EB7212B4B9D3A00B5942E /* FormUtilitiesTests.swift in Sources */ = {isa = PBXBuildFile; fileRef = AB8EB7202B4B9D3A00B5942E /* FormUtilitiesTests.swift */; };
		AB9DE2322B1BD98700CBBFD5 /* WorkoutHistoryDetailView.swift in Sources */ = {isa = PBXBuildFile; fileRef = AB9DE2312B1BD98700CBBFD5 /* WorkoutHistoryDetailView.swift */; };
		AB9DE2342B1BDD1C00CBBFD5 /* SectionRow.swift in Sources */ = {isa = PBXBuildFile; fileRef = AB9DE2332B1BDD1C00CBBFD5 /* SectionRow.swift */; };
		AB9DE2362B1EDBB400CBBFD5 /* HistoryGripCardView.swift in Sources */ = {isa = PBXBuildFile; fileRef = AB9DE2352B1EDBB400CBBFD5 /* HistoryGripCardView.swift */; };
		AB9DE2382B1EE73100CBBFD5 /* WorkoutHistoryViewModelTests.swift in Sources */ = {isa = PBXBuildFile; fileRef = AB9DE2372B1EE73100CBBFD5 /* WorkoutHistoryViewModelTests.swift */; };
		AB9DE23A2B22E17C00CBBFD5 /* WorkoutHistoryPropertiesTest.swift in Sources */ = {isa = PBXBuildFile; fileRef = AB9DE2392B22E17C00CBBFD5 /* WorkoutHistoryPropertiesTest.swift */; };
		ABA68AED2AD3A08300181690 /* SleepUtilities.swift in Sources */ = {isa = PBXBuildFile; fileRef = ABA68AEC2AD3A08300181690 /* SleepUtilities.swift */; };
		ABA68AF22AD4DDB300181690 /* TimerSound.swift in Sources */ = {isa = PBXBuildFile; fileRef = ABA68AF12AD4DDB300181690 /* TimerSound.swift */; };
		ABA68AF42AD4DF1500181690 /* TimerSoundTests.swift in Sources */ = {isa = PBXBuildFile; fileRef = ABA68AF32AD4DF1500181690 /* TimerSoundTests.swift */; };
		ABA68AF62AD4EAE800181690 /* SoundPickerView.swift in Sources */ = {isa = PBXBuildFile; fileRef = ABA68AF52AD4EAE800181690 /* SoundPickerView.swift */; };
		ABA68B082AD78A1A00181690 /* TimerVibrator.swift in Sources */ = {isa = PBXBuildFile; fileRef = ABA68B072AD78A1A00181690 /* TimerVibrator.swift */; };
		ABA95D892B0194770096E0B2 /* FormUtilities.swift in Sources */ = {isa = PBXBuildFile; fileRef = ABA95D882B0194770096E0B2 /* FormUtilities.swift */; };
		ABA9E7842AAD401000DBF8DA /* CountDownApp.swift in Sources */ = {isa = PBXBuildFile; fileRef = ABA9E7832AAD401000DBF8DA /* CountDownApp.swift */; };
		ABA9E7862AAD401000DBF8DA /* MainView.swift in Sources */ = {isa = PBXBuildFile; fileRef = ABA9E7852AAD401000DBF8DA /* MainView.swift */; };
		ABA9E7882AAD401100DBF8DA /* Assets.xcassets in Resources */ = {isa = PBXBuildFile; fileRef = ABA9E7872AAD401100DBF8DA /* Assets.xcassets */; };
		ABA9E78B2AAD401100DBF8DA /* Preview Assets.xcassets in Resources */ = {isa = PBXBuildFile; fileRef = ABA9E78A2AAD401100DBF8DA /* Preview Assets.xcassets */; };
		ABA9E7B32AAD414500DBF8DA /* CountDown.xcdatamodeld in Sources */ = {isa = PBXBuildFile; fileRef = ABA9E7B12AAD414500DBF8DA /* CountDown.xcdatamodeld */; };
		ABA9E7B82AAD62C200DBF8DA /* WorkoutsView.swift in Sources */ = {isa = PBXBuildFile; fileRef = ABA9E7B72AAD62C200DBF8DA /* WorkoutsView.swift */; };
		ABA9E7BA2AAD62E700DBF8DA /* TimerSetupView.swift in Sources */ = {isa = PBXBuildFile; fileRef = ABA9E7B92AAD62E700DBF8DA /* TimerSetupView.swift */; };
		ABA9E7BC2AAD631D00DBF8DA /* SettingsView.swift in Sources */ = {isa = PBXBuildFile; fileRef = ABA9E7BB2AAD631D00DBF8DA /* SettingsView.swift */; };
		ABA9E7C22AAD765B00DBF8DA /* NumberPicker.swift in Sources */ = {isa = PBXBuildFile; fileRef = ABA9E7C12AAD765B00DBF8DA /* NumberPicker.swift */; };
		ABA9E7C62AAE9F8800DBF8DA /* TimePicker.swift in Sources */ = {isa = PBXBuildFile; fileRef = ABA9E7C52AAE9F8800DBF8DA /* TimePicker.swift */; };
		ABA9E7CB2AAEB80A00DBF8DA /* TimePickerButton.swift in Sources */ = {isa = PBXBuildFile; fileRef = ABA9E7CA2AAEB80A00DBF8DA /* TimePickerButton.swift */; };
		ABA9E7CD2AAECB3900DBF8DA /* CountdownTimerView.swift in Sources */ = {isa = PBXBuildFile; fileRef = ABA9E7CC2AAECB3900DBF8DA /* CountdownTimerView.swift */; };
		ABA9E7CF2AB1552700DBF8DA /* CountdownTimer.swift in Sources */ = {isa = PBXBuildFile; fileRef = ABA9E7CE2AB1552700DBF8DA /* CountdownTimer.swift */; };
		ABA9E7D22AB635AE00DBF8DA /* TimerView.swift in Sources */ = {isa = PBXBuildFile; fileRef = ABA9E7D12AB635AE00DBF8DA /* TimerView.swift */; };
		ABA9E7D62AB659BB00DBF8DA /* TimerButtonsView.swift in Sources */ = {isa = PBXBuildFile; fileRef = ABA9E7D52AB659BB00DBF8DA /* TimerButtonsView.swift */; };
		ABA9E7D82AB65D1800DBF8DA /* TrailingIconLabelStyle.swift in Sources */ = {isa = PBXBuildFile; fileRef = ABA9E7D72AB65D1800DBF8DA /* TrailingIconLabelStyle.swift */; };
		ABA9E7DA2AB6609000DBF8DA /* Theme.swift in Sources */ = {isa = PBXBuildFile; fileRef = ABA9E7D92AB6609000DBF8DA /* Theme.swift */; };
		ABA9E7DC2AB66D7B00DBF8DA /* TimerButton.swift in Sources */ = {isa = PBXBuildFile; fileRef = ABA9E7DB2AB66D7B00DBF8DA /* TimerButton.swift */; };
		ABA9E7DE2AB6828F00DBF8DA /* TimerTextView.swift in Sources */ = {isa = PBXBuildFile; fileRef = ABA9E7DD2AB6828F00DBF8DA /* TimerTextView.swift */; };
		ABA9E7E02AB7E04B00DBF8DA /* GripsArray.swift in Sources */ = {isa = PBXBuildFile; fileRef = ABA9E7DF2AB7E04B00DBF8DA /* GripsArray.swift */; };
		ABA9E7E42ABFC05500DBF8DA /* GripsArrayTests.swift in Sources */ = {isa = PBXBuildFile; fileRef = ABA9E7E32ABFC05500DBF8DA /* GripsArrayTests.swift */; };
		ABAA93322D0F97ED0050C1D2 /* Hand.swift in Sources */ = {isa = PBXBuildFile; fileRef = ABAA93312D0F97ED0050C1D2 /* Hand.swift */; };
		ABBEAB0A2D25EC3800610EE2 /* TimerHandView.swift in Sources */ = {isa = PBXBuildFile; fileRef = ABBEAB092D25EC3800610EE2 /* TimerHandView.swift */; };
		ABD3BE412AF329EA00D13E6D /* WorkoutGripsView.swift in Sources */ = {isa = PBXBuildFile; fileRef = ABD3BE402AF329EA00D13E6D /* WorkoutGripsView.swift */; };
		ABD48EBA2B329D8900B14A51 /* RepDurationsPicker.swift in Sources */ = {isa = PBXBuildFile; fileRef = ABD48EB92B329D8900B14A51 /* RepDurationsPicker.swift */; };
		ABD48EBC2B32A19800B14A51 /* SetsRepsPickers.swift in Sources */ = {isa = PBXBuildFile; fileRef = ABD48EBB2B32A19800B14A51 /* SetsRepsPickers.swift */; };
		ABD48EBE2B32A39300B14A51 /* BreakDurationPicker.swift in Sources */ = {isa = PBXBuildFile; fileRef = ABD48EBD2B32A39300B14A51 /* BreakDurationPicker.swift */; };
		ABD48EC02B32A5D400B14A51 /* GripTypePickers.swift in Sources */ = {isa = PBXBuildFile; fileRef = ABD48EBF2B32A5D400B14A51 /* GripTypePickers.swift */; };
		ABDC11DC2B1449DF00F18510 /* GripTypePropertiesTest.swift in Sources */ = {isa = PBXBuildFile; fileRef = ABDC11DB2B1449DF00F18510 /* GripTypePropertiesTest.swift */; };
		ABDC11DE2B16F3E400F18510 /* WorkoutTypePropertiesTest.swift in Sources */ = {isa = PBXBuildFile; fileRef = ABDC11DD2B16F3E400F18510 /* WorkoutTypePropertiesTest.swift */; };
		ABE480BD2B25024400C5361C /* HistoryGripPropertiesTest.swift in Sources */ = {isa = PBXBuildFile; fileRef = ABE480BC2B25024400C5361C /* HistoryGripPropertiesTest.swift */; };
		ABE480C02B2566B600C5361C /* beep_low.caf in Resources */ = {isa = PBXBuildFile; fileRef = ABE480BE2B2566B600C5361C /* beep_low.caf */; };
		ABE480C12B2566B600C5361C /* beep_high.caf in Resources */ = {isa = PBXBuildFile; fileRef = ABE480BF2B2566B600C5361C /* beep_high.caf */; };
		ABE480D02B256B5900C5361C /* Starling in Frameworks */ = {isa = PBXBuildFile; productRef = ABE480CF2B256B5900C5361C /* Starling */; };
		ABE480D32B25814D00C5361C /* strings_low.caf in Resources */ = {isa = PBXBuildFile; fileRef = ABE480D12B25814D00C5361C /* strings_low.caf */; };
		ABE480D42B25814D00C5361C /* strings_high.caf in Resources */ = {isa = PBXBuildFile; fileRef = ABE480D22B25814D00C5361C /* strings_high.caf */; };
		ABE716A92B36A9A000BD6079 /* Constants.swift in Sources */ = {isa = PBXBuildFile; fileRef = ABE716A82B36A9A000BD6079 /* Constants.swift */; };
		ABEB58C12AF48B25002C60F8 /* GripEditForm.swift in Sources */ = {isa = PBXBuildFile; fileRef = ABEB58C02AF48B25002C60F8 /* GripEditForm.swift */; };
		ABEB58C32AF48C5A002C60F8 /* GripViewModel.swift in Sources */ = {isa = PBXBuildFile; fileRef = ABEB58C22AF48C5A002C60F8 /* GripViewModel.swift */; };
		ABEB58C52AF49AB5002C60F8 /* NewGripView.swift in Sources */ = {isa = PBXBuildFile; fileRef = ABEB58C42AF49AB5002C60F8 /* NewGripView.swift */; };
		ABEB58C72AF6F3DD002C60F8 /* NumberTextField.swift in Sources */ = {isa = PBXBuildFile; fileRef = ABEB58C62AF6F3DD002C60F8 /* NumberTextField.swift */; };
		ABEB58C92AF700E4002C60F8 /* GripTypePickerView.swift in Sources */ = {isa = PBXBuildFile; fileRef = ABEB58C82AF700E4002C60F8 /* GripTypePickerView.swift */; };
		ABEB58CB2AF71541002C60F8 /* NewGripTypeView.swift in Sources */ = {isa = PBXBuildFile; fileRef = ABEB58CA2AF71541002C60F8 /* NewGripTypeView.swift */; };
		ABF19AD02AC9F8CF007FD4F6 /* AVPlayer+Beep.swift in Sources */ = {isa = PBXBuildFile; fileRef = ABF19ACF2AC9F8CF007FD4F6 /* AVPlayer+Beep.swift */; };
		ABF19AD22AC9FA09007FD4F6 /* TimerSoundPlayer.swift in Sources */ = {isa = PBXBuildFile; fileRef = ABF19AD12AC9FA09007FD4F6 /* TimerSoundPlayer.swift */; };
		ABF6A1B32AEAC41F00822B7B /* ErrorText.swift in Sources */ = {isa = PBXBuildFile; fileRef = ABF6A1B22AEAC41F00822B7B /* ErrorText.swift */; };
		ABF6A1B52AEAC75200822B7B /* ErrorMessages.swift in Sources */ = {isa = PBXBuildFile; fileRef = ABF6A1B42AEAC75200822B7B /* ErrorMessages.swift */; };
		ABF6A1B82AEACD7700822B7B /* ErrorMessagesTests.swift in Sources */ = {isa = PBXBuildFile; fileRef = ABF6A1B72AEACD7700822B7B /* ErrorMessagesTests.swift */; };
		ABFA8D4E2AC8DAA300B1C5BF /* ProgressStepperTests.swift in Sources */ = {isa = PBXBuildFile; fileRef = ABFA8D4D2AC8DAA300B1C5BF /* ProgressStepperTests.swift */; };
		ABFA8D512AC8DAEB00B1C5BF /* ViewInspector in Frameworks */ = {isa = PBXBuildFile; productRef = ABFA8D502AC8DAEB00B1C5BF /* ViewInspector */; };
/* End PBXBuildFile section */

/* Begin PBXContainerItemProxy section */
		AB89A6962B265EF100BF1D80 /* PBXContainerItemProxy */ = {
			isa = PBXContainerItemProxy;
			containerPortal = ABA9E7782AAD401000DBF8DA /* Project object */;
			proxyType = 1;
			remoteGlobalIDString = ABA9E77F2AAD401000DBF8DA;
			remoteInfo = CountDown;
		};
		ABA9E7912AAD401100DBF8DA /* PBXContainerItemProxy */ = {
			isa = PBXContainerItemProxy;
			containerPortal = ABA9E7782AAD401000DBF8DA /* Project object */;
			proxyType = 1;
			remoteGlobalIDString = ABA9E77F2AAD401000DBF8DA;
			remoteInfo = CountDown;
		};
/* End PBXContainerItemProxy section */

/* Begin PBXFileReference section */
		AB05D09C2D6BFAC7002F911C /* DateUtilitiesTest.swift */ = {isa = PBXFileReference; lastKnownFileType = sourcecode.swift; path = DateUtilitiesTest.swift; sourceTree = "<group>"; };
		AB0F23752B184F6800F8C3A6 /* WorkoutHistoryViewModel.swift */ = {isa = PBXFileReference; lastKnownFileType = sourcecode.swift; path = WorkoutHistoryViewModel.swift; sourceTree = "<group>"; };
		AB0F23772B1995D400F8C3A6 /* WorkoutHistoryListView.swift */ = {isa = PBXFileReference; lastKnownFileType = sourcecode.swift; path = WorkoutHistoryListView.swift; sourceTree = "<group>"; };
		AB0F23892B199BD200F8C3A6 /* WorkoutHistory+CoreDataClass.swift */ = {isa = PBXFileReference; lastKnownFileType = sourcecode.swift; path = "WorkoutHistory+CoreDataClass.swift"; sourceTree = "<group>"; };
		AB0F238A2B199BD200F8C3A6 /* WorkoutHistory+CoreDataProperties.swift */ = {isa = PBXFileReference; lastKnownFileType = sourcecode.swift; path = "WorkoutHistory+CoreDataProperties.swift"; sourceTree = "<group>"; };
		AB0F238D2B199BEC00F8C3A6 /* HistoryGrip+CoreDataClass.swift */ = {isa = PBXFileReference; lastKnownFileType = sourcecode.swift; path = "HistoryGrip+CoreDataClass.swift"; sourceTree = "<group>"; };
		AB0F238E2B199BEC00F8C3A6 /* HistoryGrip+CoreDataProperties.swift */ = {isa = PBXFileReference; lastKnownFileType = sourcecode.swift; path = "HistoryGrip+CoreDataProperties.swift"; sourceTree = "<group>"; };
		AB125DC72AE48B8600357717 /* CountDownTests.xctest */ = {isa = PBXFileReference; explicitFileType = wrapper.cfbundle; includeInIndex = 0; path = CountDownTests.xctest; sourceTree = BUILT_PRODUCTS_DIR; };
		AB125DC82AE49DF400357717 /* WorkoutCardView.swift */ = {isa = PBXFileReference; lastKnownFileType = sourcecode.swift; path = WorkoutCardView.swift; sourceTree = "<group>"; };
		AB125DCA2AE597A100357717 /* PersistenceController.swift */ = {isa = PBXFileReference; lastKnownFileType = sourcecode.swift; path = PersistenceController.swift; sourceTree = "<group>"; };
		AB125DCC2AE5CCF100357717 /* DateUtilities.swift */ = {isa = PBXFileReference; lastKnownFileType = sourcecode.swift; path = DateUtilities.swift; sourceTree = "<group>"; };
		AB125DCE2AE5D49600357717 /* WorkoutType.swift */ = {isa = PBXFileReference; lastKnownFileType = sourcecode.swift; path = WorkoutType.swift; sourceTree = "<group>"; };
		AB125DD02AE5DB4400357717 /* ColorUtilities.swift */ = {isa = PBXFileReference; lastKnownFileType = sourcecode.swift; path = ColorUtilities.swift; sourceTree = "<group>"; };
		AB125DD22AE5DD7000357717 /* WorkoutDetailView.swift */ = {isa = PBXFileReference; lastKnownFileType = sourcecode.swift; path = WorkoutDetailView.swift; sourceTree = "<group>"; };
		AB125DD42AE60D3F00357717 /* NewWorkoutView.swift */ = {isa = PBXFileReference; lastKnownFileType = sourcecode.swift; path = NewWorkoutView.swift; sourceTree = "<group>"; };
		AB125DD62AE6142200357717 /* WorkoutEditForm.swift */ = {isa = PBXFileReference; lastKnownFileType = sourcecode.swift; path = WorkoutEditForm.swift; sourceTree = "<group>"; };
		AB125DDA2AE61D5900357717 /* WorkoutViewModel.swift */ = {isa = PBXFileReference; lastKnownFileType = sourcecode.swift; path = WorkoutViewModel.swift; sourceTree = "<group>"; };
		AB125DEC2AE752FB00357717 /* Workout+CoreDataClass.swift */ = {isa = PBXFileReference; lastKnownFileType = sourcecode.swift; name = "Workout+CoreDataClass.swift"; path = "CountDown/CoreData/Workout+CoreDataClass.swift"; sourceTree = SOURCE_ROOT; };
		AB125DED2AE752FB00357717 /* Workout+CoreDataProperties.swift */ = {isa = PBXFileReference; lastKnownFileType = sourcecode.swift; name = "Workout+CoreDataProperties.swift"; path = "CountDown/CoreData/Workout+CoreDataProperties.swift"; sourceTree = SOURCE_ROOT; };
		AB125DEE2AE752FB00357717 /* Grip+CoreDataClass.swift */ = {isa = PBXFileReference; lastKnownFileType = sourcecode.swift; name = "Grip+CoreDataClass.swift"; path = "CountDown/CoreData/Grip+CoreDataClass.swift"; sourceTree = SOURCE_ROOT; };
		AB125DEF2AE752FB00357717 /* Grip+CoreDataProperties.swift */ = {isa = PBXFileReference; lastKnownFileType = sourcecode.swift; name = "Grip+CoreDataProperties.swift"; path = "CountDown/CoreData/Grip+CoreDataProperties.swift"; sourceTree = SOURCE_ROOT; };
		AB125DF02AE752FB00357717 /* WorkoutType+CoreDataClass.swift */ = {isa = PBXFileReference; lastKnownFileType = sourcecode.swift; name = "WorkoutType+CoreDataClass.swift"; path = "CountDown/CoreData/WorkoutType+CoreDataClass.swift"; sourceTree = SOURCE_ROOT; };
		AB125DF12AE752FB00357717 /* WorkoutType+CoreDataProperties.swift */ = {isa = PBXFileReference; lastKnownFileType = sourcecode.swift; name = "WorkoutType+CoreDataProperties.swift"; path = "CountDown/CoreData/WorkoutType+CoreDataProperties.swift"; sourceTree = SOURCE_ROOT; };
		AB125DF22AE752FB00357717 /* GripType+CoreDataClass.swift */ = {isa = PBXFileReference; lastKnownFileType = sourcecode.swift; name = "GripType+CoreDataClass.swift"; path = "CountDown/CoreData/GripType+CoreDataClass.swift"; sourceTree = SOURCE_ROOT; };
		AB125DF32AE752FB00357717 /* GripType+CoreDataProperties.swift */ = {isa = PBXFileReference; lastKnownFileType = sourcecode.swift; name = "GripType+CoreDataProperties.swift"; path = "CountDown/CoreData/GripType+CoreDataProperties.swift"; sourceTree = SOURCE_ROOT; };
		AB125DFE2AE8B1FD00357717 /* TextUtilities.swift */ = {isa = PBXFileReference; lastKnownFileType = sourcecode.swift; path = TextUtilities.swift; sourceTree = "<group>"; };
		AB1581592AF9F4C900BCB088 /* GripCardView.swift */ = {isa = PBXFileReference; lastKnownFileType = sourcecode.swift; path = GripCardView.swift; sourceTree = "<group>"; };
		AB1BF8652AFDE74E004579FF /* GripEditView.swift */ = {isa = PBXFileReference; lastKnownFileType = sourcecode.swift; path = GripEditView.swift; sourceTree = "<group>"; };
		AB1BF86D2B003B64004579FF /* GripViewModelTests.swift */ = {isa = PBXFileReference; lastKnownFileType = sourcecode.swift; path = GripViewModelTests.swift; sourceTree = "<group>"; };
		AB1BF86F2B005E46004579FF /* WorkoutEditView.swift */ = {isa = PBXFileReference; lastKnownFileType = sourcecode.swift; path = WorkoutEditView.swift; sourceTree = "<group>"; };
		AB1BF8712B017AB1004579FF /* WorkoutViewModelTests.swift */ = {isa = PBXFileReference; lastKnownFileType = sourcecode.swift; path = WorkoutViewModelTests.swift; sourceTree = "<group>"; };
		AB2C7A602B33F84E003D9929 /* InfoButtonWithPopover.swift */ = {isa = PBXFileReference; lastKnownFileType = sourcecode.swift; path = InfoButtonWithPopover.swift; sourceTree = "<group>"; };
		AB3FD8352AC28BA5009D6C71 /* CountdownTimerTests.swift */ = {isa = PBXFileReference; lastKnownFileType = sourcecode.swift; path = CountdownTimerTests.swift; sourceTree = "<group>"; };
		AB42096D2D0E3AB900301114 /* DualHandModeSection.swift */ = {isa = PBXFileReference; lastKnownFileType = sourcecode.swift; path = DualHandModeSection.swift; sourceTree = "<group>"; };
		AB4E70092B12771B00878AD7 /* GripPropertiesTests.swift */ = {isa = PBXFileReference; lastKnownFileType = sourcecode.swift; path = GripPropertiesTests.swift; sourceTree = "<group>"; };
		AB4E700B2B14459900878AD7 /* WorkoutPropertiesTests.swift */ = {isa = PBXFileReference; lastKnownFileType = sourcecode.swift; path = WorkoutPropertiesTests.swift; sourceTree = "<group>"; };
		AB6404602AD24D32002A9778 /* CountDown.app */ = {isa = PBXFileReference; explicitFileType = wrapper.application; includeInIndex = 0; path = CountDown.app; sourceTree = BUILT_PRODUCTS_DIR; };
		AB6404622AD24D7D002A9778 /* TimerButtonsViewTests.swift */ = {isa = PBXFileReference; lastKnownFileType = sourcecode.swift; path = TimerButtonsViewTests.swift; sourceTree = "<group>"; };
		AB6404642AD35424002A9778 /* TimeTextRow.swift */ = {isa = PBXFileReference; lastKnownFileType = sourcecode.swift; path = TimeTextRow.swift; sourceTree = "<group>"; };
		AB75049B2B0AA86E007FACAB /* TimerGripTextView.swift */ = {isa = PBXFileReference; lastKnownFileType = sourcecode.swift; path = TimerGripTextView.swift; sourceTree = "<group>"; };
		AB7504A02B0AB788007FACAB /* CountdownTimerWorkoutView.swift */ = {isa = PBXFileReference; lastKnownFileType = sourcecode.swift; path = CountdownTimerWorkoutView.swift; sourceTree = "<group>"; };
		AB7E61B22AC3DD8C0081D475 /* TimerHeader.swift */ = {isa = PBXFileReference; lastKnownFileType = sourcecode.swift; path = TimerHeader.swift; sourceTree = "<group>"; };
		AB7E61B52AC5150D0081D475 /* TimerUtilities.swift */ = {isa = PBXFileReference; lastKnownFileType = sourcecode.swift; path = TimerUtilities.swift; sourceTree = "<group>"; };
		AB7E61B82AC51DDD0081D475 /* TimerUtilitiesTests.swift */ = {isa = PBXFileReference; lastKnownFileType = sourcecode.swift; path = TimerUtilitiesTests.swift; sourceTree = "<group>"; };
		AB7E61BA2AC520520081D475 /* TimerDurationsView.swift */ = {isa = PBXFileReference; lastKnownFileType = sourcecode.swift; path = TimerDurationsView.swift; sourceTree = "<group>"; };
		AB7E61BC2AC5225C0081D475 /* ProgressStepper.swift */ = {isa = PBXFileReference; lastKnownFileType = sourcecode.swift; path = ProgressStepper.swift; sourceTree = "<group>"; };
		AB89A6802B264F0600BF1D80 /* synth_high.caf */ = {isa = PBXFileReference; lastKnownFileType = file; path = synth_high.caf; sourceTree = "<group>"; };
		AB89A6812B264F0600BF1D80 /* synth_low.caf */ = {isa = PBXFileReference; lastKnownFileType = file; path = synth_low.caf; sourceTree = "<group>"; };
		AB89A6842B26549000BF1D80 /* electric_low.caf */ = {isa = PBXFileReference; lastKnownFileType = file; path = electric_low.caf; sourceTree = "<group>"; };
		AB89A6852B26549000BF1D80 /* electric_high.caf */ = {isa = PBXFileReference; lastKnownFileType = file; path = electric_high.caf; sourceTree = "<group>"; };
		AB89A6882B26562300BF1D80 /* glass_high.caf */ = {isa = PBXFileReference; lastKnownFileType = file; path = glass_high.caf; sourceTree = "<group>"; };
		AB89A6892B26562300BF1D80 /* glass_low.caf */ = {isa = PBXFileReference; lastKnownFileType = file; path = glass_low.caf; sourceTree = "<group>"; };
		AB89A6902B265EF100BF1D80 /* CountDownUITests.xctest */ = {isa = PBXFileReference; explicitFileType = wrapper.cfbundle; includeInIndex = 0; path = CountDownUITests.xctest; sourceTree = BUILT_PRODUCTS_DIR; };
		AB89A6922B265EF100BF1D80 /* WorkoutTests.swift */ = {isa = PBXFileReference; lastKnownFileType = sourcecode.swift; path = WorkoutTests.swift; sourceTree = "<group>"; };
		AB89A69B2B2668EA00BF1D80 /* GripsTest.swift */ = {isa = PBXFileReference; lastKnownFileType = sourcecode.swift; path = GripsTest.swift; sourceTree = "<group>"; };
		AB8EB7202B4B9D3A00B5942E /* FormUtilitiesTests.swift */ = {isa = PBXFileReference; lastKnownFileType = sourcecode.swift; path = FormUtilitiesTests.swift; sourceTree = "<group>"; };
		AB9DE2312B1BD98700CBBFD5 /* WorkoutHistoryDetailView.swift */ = {isa = PBXFileReference; lastKnownFileType = sourcecode.swift; path = WorkoutHistoryDetailView.swift; sourceTree = "<group>"; };
		AB9DE2332B1BDD1C00CBBFD5 /* SectionRow.swift */ = {isa = PBXFileReference; lastKnownFileType = sourcecode.swift; path = SectionRow.swift; sourceTree = "<group>"; };
		AB9DE2352B1EDBB400CBBFD5 /* HistoryGripCardView.swift */ = {isa = PBXFileReference; lastKnownFileType = sourcecode.swift; path = HistoryGripCardView.swift; sourceTree = "<group>"; };
		AB9DE2372B1EE73100CBBFD5 /* WorkoutHistoryViewModelTests.swift */ = {isa = PBXFileReference; lastKnownFileType = sourcecode.swift; path = WorkoutHistoryViewModelTests.swift; sourceTree = "<group>"; };
		AB9DE2392B22E17C00CBBFD5 /* WorkoutHistoryPropertiesTest.swift */ = {isa = PBXFileReference; lastKnownFileType = sourcecode.swift; path = WorkoutHistoryPropertiesTest.swift; sourceTree = "<group>"; };
		ABA68AEC2AD3A08300181690 /* SleepUtilities.swift */ = {isa = PBXFileReference; lastKnownFileType = sourcecode.swift; path = SleepUtilities.swift; sourceTree = "<group>"; };
		ABA68AF12AD4DDB300181690 /* TimerSound.swift */ = {isa = PBXFileReference; lastKnownFileType = sourcecode.swift; path = TimerSound.swift; sourceTree = "<group>"; };
		ABA68AF32AD4DF1500181690 /* TimerSoundTests.swift */ = {isa = PBXFileReference; lastKnownFileType = sourcecode.swift; path = TimerSoundTests.swift; sourceTree = "<group>"; };
		ABA68AF52AD4EAE800181690 /* SoundPickerView.swift */ = {isa = PBXFileReference; lastKnownFileType = sourcecode.swift; path = SoundPickerView.swift; sourceTree = "<group>"; };
		ABA68B072AD78A1A00181690 /* TimerVibrator.swift */ = {isa = PBXFileReference; lastKnownFileType = sourcecode.swift; path = TimerVibrator.swift; sourceTree = "<group>"; };
		ABA95D882B0194770096E0B2 /* FormUtilities.swift */ = {isa = PBXFileReference; lastKnownFileType = sourcecode.swift; path = FormUtilities.swift; sourceTree = "<group>"; };
		ABA9E7832AAD401000DBF8DA /* CountDownApp.swift */ = {isa = PBXFileReference; lastKnownFileType = sourcecode.swift; path = CountDownApp.swift; sourceTree = "<group>"; };
		ABA9E7852AAD401000DBF8DA /* MainView.swift */ = {isa = PBXFileReference; lastKnownFileType = sourcecode.swift; path = MainView.swift; sourceTree = "<group>"; };
		ABA9E7872AAD401100DBF8DA /* Assets.xcassets */ = {isa = PBXFileReference; lastKnownFileType = folder.assetcatalog; path = Assets.xcassets; sourceTree = "<group>"; };
		ABA9E78A2AAD401100DBF8DA /* Preview Assets.xcassets */ = {isa = PBXFileReference; lastKnownFileType = folder.assetcatalog; path = "Preview Assets.xcassets"; sourceTree = "<group>"; };
		ABA9E7B22AAD414500DBF8DA /* CountDown.xcdatamodel */ = {isa = PBXFileReference; lastKnownFileType = wrapper.xcdatamodel; path = CountDown.xcdatamodel; sourceTree = "<group>"; };
		ABA9E7B72AAD62C200DBF8DA /* WorkoutsView.swift */ = {isa = PBXFileReference; lastKnownFileType = sourcecode.swift; path = WorkoutsView.swift; sourceTree = "<group>"; };
		ABA9E7B92AAD62E700DBF8DA /* TimerSetupView.swift */ = {isa = PBXFileReference; lastKnownFileType = sourcecode.swift; path = TimerSetupView.swift; sourceTree = "<group>"; };
		ABA9E7BB2AAD631D00DBF8DA /* SettingsView.swift */ = {isa = PBXFileReference; lastKnownFileType = sourcecode.swift; path = SettingsView.swift; sourceTree = "<group>"; };
		ABA9E7C12AAD765B00DBF8DA /* NumberPicker.swift */ = {isa = PBXFileReference; lastKnownFileType = sourcecode.swift; path = NumberPicker.swift; sourceTree = "<group>"; };
		ABA9E7C52AAE9F8800DBF8DA /* TimePicker.swift */ = {isa = PBXFileReference; lastKnownFileType = sourcecode.swift; path = TimePicker.swift; sourceTree = "<group>"; };
		ABA9E7CA2AAEB80A00DBF8DA /* TimePickerButton.swift */ = {isa = PBXFileReference; lastKnownFileType = sourcecode.swift; path = TimePickerButton.swift; sourceTree = "<group>"; };
		ABA9E7CC2AAECB3900DBF8DA /* CountdownTimerView.swift */ = {isa = PBXFileReference; lastKnownFileType = sourcecode.swift; path = CountdownTimerView.swift; sourceTree = "<group>"; };
		ABA9E7CE2AB1552700DBF8DA /* CountdownTimer.swift */ = {isa = PBXFileReference; lastKnownFileType = sourcecode.swift; path = CountdownTimer.swift; sourceTree = "<group>"; };
		ABA9E7D12AB635AE00DBF8DA /* TimerView.swift */ = {isa = PBXFileReference; lastKnownFileType = sourcecode.swift; path = TimerView.swift; sourceTree = "<group>"; };
		ABA9E7D52AB659BB00DBF8DA /* TimerButtonsView.swift */ = {isa = PBXFileReference; lastKnownFileType = sourcecode.swift; path = TimerButtonsView.swift; sourceTree = "<group>"; };
		ABA9E7D72AB65D1800DBF8DA /* TrailingIconLabelStyle.swift */ = {isa = PBXFileReference; lastKnownFileType = sourcecode.swift; path = TrailingIconLabelStyle.swift; sourceTree = "<group>"; };
		ABA9E7D92AB6609000DBF8DA /* Theme.swift */ = {isa = PBXFileReference; lastKnownFileType = sourcecode.swift; path = Theme.swift; sourceTree = "<group>"; };
		ABA9E7DB2AB66D7B00DBF8DA /* TimerButton.swift */ = {isa = PBXFileReference; lastKnownFileType = sourcecode.swift; path = TimerButton.swift; sourceTree = "<group>"; };
		ABA9E7DD2AB6828F00DBF8DA /* TimerTextView.swift */ = {isa = PBXFileReference; lastKnownFileType = sourcecode.swift; path = TimerTextView.swift; sourceTree = "<group>"; };
		ABA9E7DF2AB7E04B00DBF8DA /* GripsArray.swift */ = {isa = PBXFileReference; lastKnownFileType = sourcecode.swift; path = GripsArray.swift; sourceTree = "<group>"; };
		ABA9E7E32ABFC05500DBF8DA /* GripsArrayTests.swift */ = {isa = PBXFileReference; lastKnownFileType = sourcecode.swift; path = GripsArrayTests.swift; sourceTree = "<group>"; };
		ABAA93312D0F97ED0050C1D2 /* Hand.swift */ = {isa = PBXFileReference; lastKnownFileType = sourcecode.swift; path = Hand.swift; sourceTree = "<group>"; };
		ABBEAB092D25EC3800610EE2 /* TimerHandView.swift */ = {isa = PBXFileReference; lastKnownFileType = sourcecode.swift; path = TimerHandView.swift; sourceTree = "<group>"; };
		ABD3BE402AF329EA00D13E6D /* WorkoutGripsView.swift */ = {isa = PBXFileReference; lastKnownFileType = sourcecode.swift; path = WorkoutGripsView.swift; sourceTree = "<group>"; };
		ABD48EB92B329D8900B14A51 /* RepDurationsPicker.swift */ = {isa = PBXFileReference; lastKnownFileType = sourcecode.swift; path = RepDurationsPicker.swift; sourceTree = "<group>"; };
		ABD48EBB2B32A19800B14A51 /* SetsRepsPickers.swift */ = {isa = PBXFileReference; lastKnownFileType = sourcecode.swift; path = SetsRepsPickers.swift; sourceTree = "<group>"; };
		ABD48EBD2B32A39300B14A51 /* BreakDurationPicker.swift */ = {isa = PBXFileReference; lastKnownFileType = sourcecode.swift; path = BreakDurationPicker.swift; sourceTree = "<group>"; };
		ABD48EBF2B32A5D400B14A51 /* GripTypePickers.swift */ = {isa = PBXFileReference; lastKnownFileType = sourcecode.swift; path = GripTypePickers.swift; sourceTree = "<group>"; };
		ABDC11DB2B1449DF00F18510 /* GripTypePropertiesTest.swift */ = {isa = PBXFileReference; lastKnownFileType = sourcecode.swift; path = GripTypePropertiesTest.swift; sourceTree = "<group>"; };
		ABDC11DD2B16F3E400F18510 /* WorkoutTypePropertiesTest.swift */ = {isa = PBXFileReference; lastKnownFileType = sourcecode.swift; path = WorkoutTypePropertiesTest.swift; sourceTree = "<group>"; };
		ABE480BC2B25024400C5361C /* HistoryGripPropertiesTest.swift */ = {isa = PBXFileReference; lastKnownFileType = sourcecode.swift; path = HistoryGripPropertiesTest.swift; sourceTree = "<group>"; };
		ABE480BE2B2566B600C5361C /* beep_low.caf */ = {isa = PBXFileReference; lastKnownFileType = file; path = beep_low.caf; sourceTree = "<group>"; };
		ABE480BF2B2566B600C5361C /* beep_high.caf */ = {isa = PBXFileReference; lastKnownFileType = file; path = beep_high.caf; sourceTree = "<group>"; };
		ABE480D12B25814D00C5361C /* strings_low.caf */ = {isa = PBXFileReference; lastKnownFileType = file; path = strings_low.caf; sourceTree = "<group>"; };
		ABE480D22B25814D00C5361C /* strings_high.caf */ = {isa = PBXFileReference; lastKnownFileType = file; path = strings_high.caf; sourceTree = "<group>"; };
		ABE716A82B36A9A000BD6079 /* Constants.swift */ = {isa = PBXFileReference; lastKnownFileType = sourcecode.swift; path = Constants.swift; sourceTree = "<group>"; };
		ABEB58C02AF48B25002C60F8 /* GripEditForm.swift */ = {isa = PBXFileReference; lastKnownFileType = sourcecode.swift; path = GripEditForm.swift; sourceTree = "<group>"; };
		ABEB58C22AF48C5A002C60F8 /* GripViewModel.swift */ = {isa = PBXFileReference; lastKnownFileType = sourcecode.swift; path = GripViewModel.swift; sourceTree = "<group>"; };
		ABEB58C42AF49AB5002C60F8 /* NewGripView.swift */ = {isa = PBXFileReference; lastKnownFileType = sourcecode.swift; path = NewGripView.swift; sourceTree = "<group>"; };
		ABEB58C62AF6F3DD002C60F8 /* NumberTextField.swift */ = {isa = PBXFileReference; lastKnownFileType = sourcecode.swift; path = NumberTextField.swift; sourceTree = "<group>"; };
		ABEB58C82AF700E4002C60F8 /* GripTypePickerView.swift */ = {isa = PBXFileReference; lastKnownFileType = sourcecode.swift; path = GripTypePickerView.swift; sourceTree = "<group>"; };
		ABEB58CA2AF71541002C60F8 /* NewGripTypeView.swift */ = {isa = PBXFileReference; lastKnownFileType = sourcecode.swift; path = NewGripTypeView.swift; sourceTree = "<group>"; };
		ABF19ACF2AC9F8CF007FD4F6 /* AVPlayer+Beep.swift */ = {isa = PBXFileReference; lastKnownFileType = sourcecode.swift; path = "AVPlayer+Beep.swift"; sourceTree = "<group>"; };
		ABF19AD12AC9FA09007FD4F6 /* TimerSoundPlayer.swift */ = {isa = PBXFileReference; lastKnownFileType = sourcecode.swift; path = TimerSoundPlayer.swift; sourceTree = "<group>"; };
		ABF6A1B22AEAC41F00822B7B /* ErrorText.swift */ = {isa = PBXFileReference; lastKnownFileType = sourcecode.swift; path = ErrorText.swift; sourceTree = "<group>"; };
		ABF6A1B42AEAC75200822B7B /* ErrorMessages.swift */ = {isa = PBXFileReference; lastKnownFileType = sourcecode.swift; path = ErrorMessages.swift; sourceTree = "<group>"; };
		ABF6A1B72AEACD7700822B7B /* ErrorMessagesTests.swift */ = {isa = PBXFileReference; lastKnownFileType = sourcecode.swift; path = ErrorMessagesTests.swift; sourceTree = "<group>"; };
		ABFA8D4D2AC8DAA300B1C5BF /* ProgressStepperTests.swift */ = {isa = PBXFileReference; lastKnownFileType = sourcecode.swift; path = ProgressStepperTests.swift; sourceTree = "<group>"; };
/* End PBXFileReference section */

/* Begin PBXFrameworksBuildPhase section */
		AB89A68D2B265EF100BF1D80 /* Frameworks */ = {
			isa = PBXFrameworksBuildPhase;
			buildActionMask = 2147483647;
			files = (
			);
			runOnlyForDeploymentPostprocessing = 0;
		};
		ABA9E77D2AAD401000DBF8DA /* Frameworks */ = {
			isa = PBXFrameworksBuildPhase;
			buildActionMask = 2147483647;
			files = (
				AB2C7A5F2B33EFF5003D9929 /* Popovers in Frameworks */,
				ABE480D02B256B5900C5361C /* Starling in Frameworks */,
			);
			runOnlyForDeploymentPostprocessing = 0;
		};
		ABA9E78D2AAD401100DBF8DA /* Frameworks */ = {
			isa = PBXFrameworksBuildPhase;
			buildActionMask = 2147483647;
			files = (
				ABFA8D512AC8DAEB00B1C5BF /* ViewInspector in Frameworks */,
			);
			runOnlyForDeploymentPostprocessing = 0;
		};
/* End PBXFrameworksBuildPhase section */

/* Begin PBXGroup section */
		AB125DD92AE61D3900357717 /* ViewModels */ = {
			isa = PBXGroup;
			children = (
				ABF6A1B42AEAC75200822B7B /* ErrorMessages.swift */,
				ABEB58C22AF48C5A002C60F8 /* GripViewModel.swift */,
				AB125DDA2AE61D5900357717 /* WorkoutViewModel.swift */,
				AB0F23752B184F6800F8C3A6 /* WorkoutHistoryViewModel.swift */,
			);
			path = ViewModels;
			sourceTree = "<group>";
		};
		AB4E70082B1276D600878AD7 /* CoreData */ = {
			isa = PBXGroup;
			children = (
				AB4E70092B12771B00878AD7 /* GripPropertiesTests.swift */,
				AB4E700B2B14459900878AD7 /* WorkoutPropertiesTests.swift */,
				ABDC11DB2B1449DF00F18510 /* GripTypePropertiesTest.swift */,
				ABDC11DD2B16F3E400F18510 /* WorkoutTypePropertiesTest.swift */,
				AB9DE2392B22E17C00CBBFD5 /* WorkoutHistoryPropertiesTest.swift */,
				ABE480BC2B25024400C5361C /* HistoryGripPropertiesTest.swift */,
			);
			path = CoreData;
			sourceTree = "<group>";
		};
		AB7E61B42AC514F50081D475 /* Utilities */ = {
			isa = PBXGroup;
			children = (
				AB7E61B52AC5150D0081D475 /* TimerUtilities.swift */,
				ABA68AEC2AD3A08300181690 /* SleepUtilities.swift */,
				AB125DCC2AE5CCF100357717 /* DateUtilities.swift */,
				AB125DD02AE5DB4400357717 /* ColorUtilities.swift */,
				AB125DFE2AE8B1FD00357717 /* TextUtilities.swift */,
				ABA95D882B0194770096E0B2 /* FormUtilities.swift */,
				ABE716A82B36A9A000BD6079 /* Constants.swift */,
			);
			path = Utilities;
			sourceTree = "<group>";
		};
		AB7E61B72AC51DBC0081D475 /* Utilities */ = {
			isa = PBXGroup;
			children = (
				AB7E61B82AC51DDD0081D475 /* TimerUtilitiesTests.swift */,
				AB05D09C2D6BFAC7002F911C /* DateUtilitiesTest.swift */,
				AB8EB7202B4B9D3A00B5942E /* FormUtilitiesTests.swift */,
			);
			path = Utilities;
			sourceTree = "<group>";
		};
		AB89A6912B265EF100BF1D80 /* CountDownUITests */ = {
			isa = PBXGroup;
			children = (
				AB89A6922B265EF100BF1D80 /* WorkoutTests.swift */,
				AB89A69B2B2668EA00BF1D80 /* GripsTest.swift */,
			);
			path = CountDownUITests;
			sourceTree = "<group>";
		};
		AB9DE22C2B1BD86E00CBBFD5 /* Workouts */ = {
			isa = PBXGroup;
			children = (
				AB125DD42AE60D3F00357717 /* NewWorkoutView.swift */,
				ABA9E7B72AAD62C200DBF8DA /* WorkoutsView.swift */,
				AB125DC82AE49DF400357717 /* WorkoutCardView.swift */,
				AB125DD22AE5DD7000357717 /* WorkoutDetailView.swift */,
				AB125DD62AE6142200357717 /* WorkoutEditForm.swift */,
				AB1BF86F2B005E46004579FF /* WorkoutEditView.swift */,
				ABD3BE402AF329EA00D13E6D /* WorkoutGripsView.swift */,
				AB42096D2D0E3AB900301114 /* DualHandModeSection.swift */,
			);
			path = Workouts;
			sourceTree = "<group>";
		};
		AB9DE22D2B1BD8B000CBBFD5 /* Grips */ = {
			isa = PBXGroup;
			children = (
				ABD48EBD2B32A39300B14A51 /* BreakDurationPicker.swift */,
				AB1BF8652AFDE74E004579FF /* GripEditView.swift */,
				AB1581592AF9F4C900BCB088 /* GripCardView.swift */,
				ABEB58C02AF48B25002C60F8 /* GripEditForm.swift */,
				ABD48EBF2B32A5D400B14A51 /* GripTypePickers.swift */,
				ABEB58C82AF700E4002C60F8 /* GripTypePickerView.swift */,
				ABEB58C42AF49AB5002C60F8 /* NewGripView.swift */,
				ABEB58CA2AF71541002C60F8 /* NewGripTypeView.swift */,
				ABD48EB92B329D8900B14A51 /* RepDurationsPicker.swift */,
				ABD48EBB2B32A19800B14A51 /* SetsRepsPickers.swift */,
			);
			path = Grips;
			sourceTree = "<group>";
		};
		AB9DE22E2B1BD92B00CBBFD5 /* CountdownTimer */ = {
			isa = PBXGroup;
			children = (
				ABA9E7CC2AAECB3900DBF8DA /* CountdownTimerView.swift */,
				AB7504A02B0AB788007FACAB /* CountdownTimerWorkoutView.swift */,
				ABA9E7DB2AB66D7B00DBF8DA /* TimerButton.swift */,
				ABA9E7D52AB659BB00DBF8DA /* TimerButtonsView.swift */,
				ABA9E7CA2AAEB80A00DBF8DA /* TimePickerButton.swift */,
				AB7E61B22AC3DD8C0081D475 /* TimerHeader.swift */,
				AB7E61BA2AC520520081D475 /* TimerDurationsView.swift */,
				AB75049B2B0AA86E007FACAB /* TimerGripTextView.swift */,
				ABA9E7B92AAD62E700DBF8DA /* TimerSetupView.swift */,
				ABA9E7DD2AB6828F00DBF8DA /* TimerTextView.swift */,
				ABA9E7D12AB635AE00DBF8DA /* TimerView.swift */,
				ABBEAB092D25EC3800610EE2 /* TimerHandView.swift */,
			);
			path = CountdownTimer;
			sourceTree = "<group>";
		};
		AB9DE2302B1BD95500CBBFD5 /* History */ = {
			isa = PBXGroup;
			children = (
				AB0F23772B1995D400F8C3A6 /* WorkoutHistoryListView.swift */,
				AB9DE2312B1BD98700CBBFD5 /* WorkoutHistoryDetailView.swift */,
				AB9DE2352B1EDBB400CBBFD5 /* HistoryGripCardView.swift */,
			);
			path = History;
			sourceTree = "<group>";
		};
		ABA68AF02AD3A44000181690 /* Shared */ = {
			isa = PBXGroup;
			children = (
				ABA9E7C12AAD765B00DBF8DA /* NumberPicker.swift */,
				ABA9E7C52AAE9F8800DBF8DA /* TimePicker.swift */,
				ABA9E7D72AB65D1800DBF8DA /* TrailingIconLabelStyle.swift */,
				AB7E61BC2AC5225C0081D475 /* ProgressStepper.swift */,
				AB6404642AD35424002A9778 /* TimeTextRow.swift */,
				ABF6A1B22AEAC41F00822B7B /* ErrorText.swift */,
				ABEB58C62AF6F3DD002C60F8 /* NumberTextField.swift */,
				AB9DE2332B1BDD1C00CBBFD5 /* SectionRow.swift */,
				AB2C7A602B33F84E003D9929 /* InfoButtonWithPopover.swift */,
			);
			path = Shared;
			sourceTree = "<group>";
		};
		ABA9E7772AAD401000DBF8DA = {
			isa = PBXGroup;
			children = (
				ABA9E7822AAD401000DBF8DA /* CountDown */,
				ABA9E7932AAD401100DBF8DA /* CountDownTests */,
				AB6404602AD24D32002A9778 /* CountDown.app */,
				AB125DC72AE48B8600357717 /* CountDownTests.xctest */,
				AB89A6902B265EF100BF1D80 /* CountDownUITests.xctest */,
				AB89A6912B265EF100BF1D80 /* CountDownUITests */,
			);
			sourceTree = "<group>";
		};
		ABA9E7822AAD401000DBF8DA /* CountDown */ = {
			isa = PBXGroup;
			children = (
				ABA9E7832AAD401000DBF8DA /* CountDownApp.swift */,
				AB125DD92AE61D3900357717 /* ViewModels */,
				AB7E61B42AC514F50081D475 /* Utilities */,
				ABA9E7B02AAD412D00DBF8DA /* CoreData */,
				ABA9E7AF2AAD40C800DBF8DA /* Resources */,
				ABA9E7AE2AAD408000DBF8DA /* Models */,
				ABA9E7B62AAD619C00DBF8DA /* Views */,
				ABA9E7872AAD401100DBF8DA /* Assets.xcassets */,
				ABA9E7892AAD401100DBF8DA /* Preview Content */,
			);
			path = CountDown;
			sourceTree = "<group>";
		};
		ABA9E7892AAD401100DBF8DA /* Preview Content */ = {
			isa = PBXGroup;
			children = (
				ABA9E78A2AAD401100DBF8DA /* Preview Assets.xcassets */,
			);
			path = "Preview Content";
			sourceTree = "<group>";
		};
		ABA9E7932AAD401100DBF8DA /* CountDownTests */ = {
			isa = PBXGroup;
			children = (
				AB4E70082B1276D600878AD7 /* CoreData */,
				ABF6A1B62AEACD5000822B7B /* ViewModels */,
				AB7E61B72AC51DBC0081D475 /* Utilities */,
				ABA9E7E52AC0AAD400DBF8DA /* Models */,
				ABF19AC82AC8E779007FD4F6 /* Views */,
			);
			path = CountDownTests;
			sourceTree = "<group>";
		};
		ABA9E7AE2AAD408000DBF8DA /* Models */ = {
			isa = PBXGroup;
			children = (
				ABA9E7D92AB6609000DBF8DA /* Theme.swift */,
				ABA9E7CE2AB1552700DBF8DA /* CountdownTimer.swift */,
				ABA9E7DF2AB7E04B00DBF8DA /* GripsArray.swift */,
				ABF19ACF2AC9F8CF007FD4F6 /* AVPlayer+Beep.swift */,
				ABF19AD12AC9FA09007FD4F6 /* TimerSoundPlayer.swift */,
				ABA68AF12AD4DDB300181690 /* TimerSound.swift */,
				ABAA93312D0F97ED0050C1D2 /* Hand.swift */,
				ABA68B072AD78A1A00181690 /* TimerVibrator.swift */,
				AB125DCE2AE5D49600357717 /* WorkoutType.swift */,
			);
			path = Models;
			sourceTree = "<group>";
		};
		ABA9E7AF2AAD40C800DBF8DA /* Resources */ = {
			isa = PBXGroup;
			children = (
				AB89A6882B26562300BF1D80 /* glass_high.caf */,
				AB89A6892B26562300BF1D80 /* glass_low.caf */,
				AB89A6852B26549000BF1D80 /* electric_high.caf */,
				AB89A6842B26549000BF1D80 /* electric_low.caf */,
				AB89A6802B264F0600BF1D80 /* synth_high.caf */,
				AB89A6812B264F0600BF1D80 /* synth_low.caf */,
				ABE480D22B25814D00C5361C /* strings_high.caf */,
				ABE480D12B25814D00C5361C /* strings_low.caf */,
				ABE480BF2B2566B600C5361C /* beep_high.caf */,
				ABE480BE2B2566B600C5361C /* beep_low.caf */,
			);
			path = Resources;
			sourceTree = "<group>";
		};
		ABA9E7B02AAD412D00DBF8DA /* CoreData */ = {
			isa = PBXGroup;
			children = (
				AB125DEC2AE752FB00357717 /* Workout+CoreDataClass.swift */,
				AB125DED2AE752FB00357717 /* Workout+CoreDataProperties.swift */,
				AB125DEE2AE752FB00357717 /* Grip+CoreDataClass.swift */,
				AB125DEF2AE752FB00357717 /* Grip+CoreDataProperties.swift */,
				AB125DF02AE752FB00357717 /* WorkoutType+CoreDataClass.swift */,
				AB125DF12AE752FB00357717 /* WorkoutType+CoreDataProperties.swift */,
				AB125DF22AE752FB00357717 /* GripType+CoreDataClass.swift */,
				AB125DF32AE752FB00357717 /* GripType+CoreDataProperties.swift */,
				AB0F238D2B199BEC00F8C3A6 /* HistoryGrip+CoreDataClass.swift */,
				AB0F238E2B199BEC00F8C3A6 /* HistoryGrip+CoreDataProperties.swift */,
				AB0F23892B199BD200F8C3A6 /* WorkoutHistory+CoreDataClass.swift */,
				AB0F238A2B199BD200F8C3A6 /* WorkoutHistory+CoreDataProperties.swift */,
				ABA9E7B12AAD414500DBF8DA /* CountDown.xcdatamodeld */,
				AB125DCA2AE597A100357717 /* PersistenceController.swift */,
			);
			path = CoreData;
			sourceTree = "<group>";
		};
		ABA9E7B62AAD619C00DBF8DA /* Views */ = {
			isa = PBXGroup;
			children = (
				ABA68AF02AD3A44000181690 /* Shared */,
				AB9DE22D2B1BD8B000CBBFD5 /* Grips */,
				AB9DE22C2B1BD86E00CBBFD5 /* Workouts */,
				AB9DE22E2B1BD92B00CBBFD5 /* CountdownTimer */,
				AB9DE2302B1BD95500CBBFD5 /* History */,
				ABA9E7852AAD401000DBF8DA /* MainView.swift */,
				ABA9E7BB2AAD631D00DBF8DA /* SettingsView.swift */,
				ABA68AF52AD4EAE800181690 /* SoundPickerView.swift */,
			);
			path = Views;
			sourceTree = "<group>";
		};
		ABA9E7E52AC0AAD400DBF8DA /* Models */ = {
			isa = PBXGroup;
			children = (
				ABA9E7E32ABFC05500DBF8DA /* GripsArrayTests.swift */,
				AB3FD8352AC28BA5009D6C71 /* CountdownTimerTests.swift */,
				ABA68AF32AD4DF1500181690 /* TimerSoundTests.swift */,
			);
			path = Models;
			sourceTree = "<group>";
		};
		ABF19AC82AC8E779007FD4F6 /* Views */ = {
			isa = PBXGroup;
			children = (
				ABFA8D4D2AC8DAA300B1C5BF /* ProgressStepperTests.swift */,
				AB6404622AD24D7D002A9778 /* TimerButtonsViewTests.swift */,
			);
			path = Views;
			sourceTree = "<group>";
		};
		ABF6A1B62AEACD5000822B7B /* ViewModels */ = {
			isa = PBXGroup;
			children = (
				ABF6A1B72AEACD7700822B7B /* ErrorMessagesTests.swift */,
				AB1BF86D2B003B64004579FF /* GripViewModelTests.swift */,
				AB1BF8712B017AB1004579FF /* WorkoutViewModelTests.swift */,
				AB9DE2372B1EE73100CBBFD5 /* WorkoutHistoryViewModelTests.swift */,
			);
			path = ViewModels;
			sourceTree = "<group>";
		};
/* End PBXGroup section */

/* Begin PBXNativeTarget section */
		AB89A68F2B265EF100BF1D80 /* CountDownUITests */ = {
			isa = PBXNativeTarget;
			buildConfigurationList = AB89A6982B265EF100BF1D80 /* Build configuration list for PBXNativeTarget "CountDownUITests" */;
			buildPhases = (
				AB89A68C2B265EF100BF1D80 /* Sources */,
				AB89A68D2B265EF100BF1D80 /* Frameworks */,
				AB89A68E2B265EF100BF1D80 /* Resources */,
			);
			buildRules = (
			);
			dependencies = (
				AB89A6972B265EF100BF1D80 /* PBXTargetDependency */,
			);
			name = CountDownUITests;
			productName = CountDownUITests;
			productReference = AB89A6902B265EF100BF1D80 /* CountDownUITests.xctest */;
			productType = "com.apple.product-type.bundle.ui-testing";
		};
		ABA9E77F2AAD401000DBF8DA /* CountDown */ = {
			isa = PBXNativeTarget;
			buildConfigurationList = ABA9E7A42AAD401100DBF8DA /* Build configuration list for PBXNativeTarget "CountDown" */;
			buildPhases = (
				ABA9E77C2AAD401000DBF8DA /* Sources */,
				ABA9E77D2AAD401000DBF8DA /* Frameworks */,
				ABA9E77E2AAD401000DBF8DA /* Resources */,
			);
			buildRules = (
			);
			dependencies = (
			);
			name = CountDown;
			packageProductDependencies = (
				ABE480CF2B256B5900C5361C /* Starling */,
				AB2C7A5E2B33EFF5003D9929 /* Popovers */,
			);
			productName = CountDown;
			productReference = AB6404602AD24D32002A9778 /* CountDown.app */;
			productType = "com.apple.product-type.application";
		};
		ABA9E78F2AAD401100DBF8DA /* CountDownTests */ = {
			isa = PBXNativeTarget;
			buildConfigurationList = ABA9E7A72AAD401100DBF8DA /* Build configuration list for PBXNativeTarget "CountDownTests" */;
			buildPhases = (
				ABA9E78C2AAD401100DBF8DA /* Sources */,
				ABA9E78D2AAD401100DBF8DA /* Frameworks */,
				ABA9E78E2AAD401100DBF8DA /* Resources */,
			);
			buildRules = (
			);
			dependencies = (
				ABA9E7922AAD401100DBF8DA /* PBXTargetDependency */,
			);
			name = CountDownTests;
			packageProductDependencies = (
				ABFA8D502AC8DAEB00B1C5BF /* ViewInspector */,
			);
			productName = CountDownTests;
			productReference = AB125DC72AE48B8600357717 /* CountDownTests.xctest */;
			productType = "com.apple.product-type.bundle.unit-test";
		};
/* End PBXNativeTarget section */

/* Begin PBXProject section */
		ABA9E7782AAD401000DBF8DA /* Project object */ = {
			isa = PBXProject;
			attributes = {
				BuildIndependentTargetsInParallel = 1;
				LastSwiftUpdateCheck = 1430;
				LastUpgradeCheck = 1430;
				TargetAttributes = {
					AB89A68F2B265EF100BF1D80 = {
						CreatedOnToolsVersion = 14.3.1;
						TestTargetID = ABA9E77F2AAD401000DBF8DA;
					};
					ABA9E77F2AAD401000DBF8DA = {
						CreatedOnToolsVersion = 14.3.1;
					};
					ABA9E78F2AAD401100DBF8DA = {
						CreatedOnToolsVersion = 14.3.1;
						TestTargetID = ABA9E77F2AAD401000DBF8DA;
					};
				};
			};
			buildConfigurationList = ABA9E77B2AAD401000DBF8DA /* Build configuration list for PBXProject "CountDown" */;
			compatibilityVersion = "Xcode 14.0";
			developmentRegion = en;
			hasScannedForEncodings = 0;
			knownRegions = (
				en,
				Base,
			);
			mainGroup = ABA9E7772AAD401000DBF8DA;
			packageReferences = (
				ABFA8D482AC8D74200B1C5BF /* XCRemoteSwiftPackageReference "ViewInspector" */,
				ABE480CE2B256B5900C5361C /* XCRemoteSwiftPackageReference "Starling" */,
				AB2C7A5D2B33EFF5003D9929 /* XCRemoteSwiftPackageReference "Popovers" */,
			);
			productRefGroup = ABA9E7772AAD401000DBF8DA;
			projectDirPath = "";
			projectRoot = "";
			targets = (
				ABA9E77F2AAD401000DBF8DA /* CountDown */,
				ABA9E78F2AAD401100DBF8DA /* CountDownTests */,
				AB89A68F2B265EF100BF1D80 /* CountDownUITests */,
			);
		};
/* End PBXProject section */

/* Begin PBXResourcesBuildPhase section */
		AB89A68E2B265EF100BF1D80 /* Resources */ = {
			isa = PBXResourcesBuildPhase;
			buildActionMask = 2147483647;
			files = (
			);
			runOnlyForDeploymentPostprocessing = 0;
		};
		ABA9E77E2AAD401000DBF8DA /* Resources */ = {
			isa = PBXResourcesBuildPhase;
			buildActionMask = 2147483647;
			files = (
				AB89A68B2B26562300BF1D80 /* glass_low.caf in Resources */,
				AB89A68A2B26562300BF1D80 /* glass_high.caf in Resources */,
				ABE480C12B2566B600C5361C /* beep_high.caf in Resources */,
				ABE480D42B25814D00C5361C /* strings_high.caf in Resources */,
				AB89A6822B264F0600BF1D80 /* synth_high.caf in Resources */,
				AB89A6872B26549000BF1D80 /* electric_high.caf in Resources */,
				ABA9E78B2AAD401100DBF8DA /* Preview Assets.xcassets in Resources */,
				ABE480D32B25814D00C5361C /* strings_low.caf in Resources */,
				ABA9E7882AAD401100DBF8DA /* Assets.xcassets in Resources */,
				AB89A6862B26549000BF1D80 /* electric_low.caf in Resources */,
				AB89A6832B264F0600BF1D80 /* synth_low.caf in Resources */,
				ABE480C02B2566B600C5361C /* beep_low.caf in Resources */,
			);
			runOnlyForDeploymentPostprocessing = 0;
		};
		ABA9E78E2AAD401100DBF8DA /* Resources */ = {
			isa = PBXResourcesBuildPhase;
			buildActionMask = 2147483647;
			files = (
			);
			runOnlyForDeploymentPostprocessing = 0;
		};
/* End PBXResourcesBuildPhase section */

/* Begin PBXSourcesBuildPhase section */
		AB89A68C2B265EF100BF1D80 /* Sources */ = {
			isa = PBXSourcesBuildPhase;
			buildActionMask = 2147483647;
			files = (
				AB89A6932B265EF100BF1D80 /* WorkoutTests.swift in Sources */,
				AB89A69C2B2668EA00BF1D80 /* GripsTest.swift in Sources */,
			);
			runOnlyForDeploymentPostprocessing = 0;
		};
		ABA9E77C2AAD401000DBF8DA /* Sources */ = {
			isa = PBXSourcesBuildPhase;
			buildActionMask = 2147483647;
			files = (
				AB9DE2342B1BDD1C00CBBFD5 /* SectionRow.swift in Sources */,
				AB125DC92AE49DF400357717 /* WorkoutCardView.swift in Sources */,
				AB125DDB2AE61D5900357717 /* WorkoutViewModel.swift in Sources */,
				AB2C7A612B33F84E003D9929 /* InfoButtonWithPopover.swift in Sources */,
				ABEB58C32AF48C5A002C60F8 /* GripViewModel.swift in Sources */,
				AB125DCF2AE5D49600357717 /* WorkoutType.swift in Sources */,
				ABA9E7D22AB635AE00DBF8DA /* TimerView.swift in Sources */,
				AB0F23762B184F6800F8C3A6 /* WorkoutHistoryViewModel.swift in Sources */,
				AB0F238C2B199BD200F8C3A6 /* WorkoutHistory+CoreDataProperties.swift in Sources */,
				ABEB58C12AF48B25002C60F8 /* GripEditForm.swift in Sources */,
				ABA9E7DC2AB66D7B00DBF8DA /* TimerButton.swift in Sources */,
				ABA9E7CF2AB1552700DBF8DA /* CountdownTimer.swift in Sources */,
				AB7E61B32AC3DD8C0081D475 /* TimerHeader.swift in Sources */,
				AB125DF72AE752FB00357717 /* Grip+CoreDataProperties.swift in Sources */,
				AB1BF8662AFDE74E004579FF /* GripEditView.swift in Sources */,
				ABA68AF22AD4DDB300181690 /* TimerSound.swift in Sources */,
				ABA9E7BC2AAD631D00DBF8DA /* SettingsView.swift in Sources */,
				AB125DD72AE6142200357717 /* WorkoutEditForm.swift in Sources */,
				ABEB58C72AF6F3DD002C60F8 /* NumberTextField.swift in Sources */,
				ABA9E7C22AAD765B00DBF8DA /* NumberPicker.swift in Sources */,
				ABA9E7862AAD401000DBF8DA /* MainView.swift in Sources */,
				ABA9E7DE2AB6828F00DBF8DA /* TimerTextView.swift in Sources */,
				AB6404652AD35424002A9778 /* TimeTextRow.swift in Sources */,
				AB0F23902B199BEC00F8C3A6 /* HistoryGrip+CoreDataProperties.swift in Sources */,
				AB125DFF2AE8B1FD00357717 /* TextUtilities.swift in Sources */,
				AB0F238F2B199BEC00F8C3A6 /* HistoryGrip+CoreDataClass.swift in Sources */,
				AB125DF82AE752FB00357717 /* WorkoutType+CoreDataClass.swift in Sources */,
				AB7E61BD2AC5225C0081D475 /* ProgressStepper.swift in Sources */,
				ABF6A1B52AEAC75200822B7B /* ErrorMessages.swift in Sources */,
				AB125DFA2AE752FB00357717 /* GripType+CoreDataClass.swift in Sources */,
				AB7E61B62AC5150D0081D475 /* TimerUtilities.swift in Sources */,
				ABA9E7B82AAD62C200DBF8DA /* WorkoutsView.swift in Sources */,
				AB7504A12B0AB788007FACAB /* CountdownTimerWorkoutView.swift in Sources */,
				ABD48EBA2B329D8900B14A51 /* RepDurationsPicker.swift in Sources */,
				ABA68AF62AD4EAE800181690 /* SoundPickerView.swift in Sources */,
				ABA9E7D82AB65D1800DBF8DA /* TrailingIconLabelStyle.swift in Sources */,
				ABA9E7DA2AB6609000DBF8DA /* Theme.swift in Sources */,
				ABBEAB0A2D25EC3800610EE2 /* TimerHandView.swift in Sources */,
				AB125DF42AE752FB00357717 /* Workout+CoreDataClass.swift in Sources */,
				ABD48EBE2B32A39300B14A51 /* BreakDurationPicker.swift in Sources */,
				ABEB58C52AF49AB5002C60F8 /* NewGripView.swift in Sources */,
				AB125DFB2AE752FB00357717 /* GripType+CoreDataProperties.swift in Sources */,
				ABEB58CB2AF71541002C60F8 /* NewGripTypeView.swift in Sources */,
				ABEB58C92AF700E4002C60F8 /* GripTypePickerView.swift in Sources */,
				ABAA93322D0F97ED0050C1D2 /* Hand.swift in Sources */,
				AB75049C2B0AA86E007FACAB /* TimerGripTextView.swift in Sources */,
				AB125DD32AE5DD7000357717 /* WorkoutDetailView.swift in Sources */,
				AB9DE2322B1BD98700CBBFD5 /* WorkoutHistoryDetailView.swift in Sources */,
				AB125DF62AE752FB00357717 /* Grip+CoreDataClass.swift in Sources */,
				AB125DCD2AE5CCF100357717 /* DateUtilities.swift in Sources */,
				ABF19AD22AC9FA09007FD4F6 /* TimerSoundPlayer.swift in Sources */,
				ABA9E7BA2AAD62E700DBF8DA /* TimerSetupView.swift in Sources */,
				ABA95D892B0194770096E0B2 /* FormUtilities.swift in Sources */,
				ABA9E7CD2AAECB3900DBF8DA /* CountdownTimerView.swift in Sources */,
				AB125DF52AE752FB00357717 /* Workout+CoreDataProperties.swift in Sources */,
				AB42096E2D0E3AB900301114 /* DualHandModeSection.swift in Sources */,
				ABA9E7C62AAE9F8800DBF8DA /* TimePicker.swift in Sources */,
				AB125DF92AE752FB00357717 /* WorkoutType+CoreDataProperties.swift in Sources */,
				AB0F238B2B199BD200F8C3A6 /* WorkoutHistory+CoreDataClass.swift in Sources */,
				AB1BF8702B005E46004579FF /* WorkoutEditView.swift in Sources */,
				ABD3BE412AF329EA00D13E6D /* WorkoutGripsView.swift in Sources */,
				AB0F23782B1995D400F8C3A6 /* WorkoutHistoryListView.swift in Sources */,
				AB15815A2AF9F4C900BCB088 /* GripCardView.swift in Sources */,
				AB7E61BB2AC520520081D475 /* TimerDurationsView.swift in Sources */,
				ABA9E7D62AB659BB00DBF8DA /* TimerButtonsView.swift in Sources */,
				ABF6A1B32AEAC41F00822B7B /* ErrorText.swift in Sources */,
				AB9DE2362B1EDBB400CBBFD5 /* HistoryGripCardView.swift in Sources */,
				ABA9E7B32AAD414500DBF8DA /* CountDown.xcdatamodeld in Sources */,
				ABD48EC02B32A5D400B14A51 /* GripTypePickers.swift in Sources */,
				ABD48EBC2B32A19800B14A51 /* SetsRepsPickers.swift in Sources */,
				ABE716A92B36A9A000BD6079 /* Constants.swift in Sources */,
				ABA68B082AD78A1A00181690 /* TimerVibrator.swift in Sources */,
				AB125DD12AE5DB4400357717 /* ColorUtilities.swift in Sources */,
				ABF19AD02AC9F8CF007FD4F6 /* AVPlayer+Beep.swift in Sources */,
				ABA68AED2AD3A08300181690 /* SleepUtilities.swift in Sources */,
				ABA9E7842AAD401000DBF8DA /* CountDownApp.swift in Sources */,
				AB125DD52AE60D3F00357717 /* NewWorkoutView.swift in Sources */,
				ABA9E7CB2AAEB80A00DBF8DA /* TimePickerButton.swift in Sources */,
				ABA9E7E02AB7E04B00DBF8DA /* GripsArray.swift in Sources */,
				AB125DCB2AE597A100357717 /* PersistenceController.swift in Sources */,
			);
			runOnlyForDeploymentPostprocessing = 0;
		};
		ABA9E78C2AAD401100DBF8DA /* Sources */ = {
			isa = PBXSourcesBuildPhase;
			buildActionMask = 2147483647;
			files = (
				ABDC11DE2B16F3E400F18510 /* WorkoutTypePropertiesTest.swift in Sources */,
				AB1BF8722B017AB1004579FF /* WorkoutViewModelTests.swift in Sources */,
				ABF6A1B82AEACD7700822B7B /* ErrorMessagesTests.swift in Sources */,
				AB9DE23A2B22E17C00CBBFD5 /* WorkoutHistoryPropertiesTest.swift in Sources */,
				AB05D09D2D6BFAC7002F911C /* DateUtilitiesTest.swift in Sources */,
				AB7E61B92AC51DDD0081D475 /* TimerUtilitiesTests.swift in Sources */,
				AB8EB7212B4B9D3A00B5942E /* FormUtilitiesTests.swift in Sources */,
				AB4E700A2B12771B00878AD7 /* GripPropertiesTests.swift in Sources */,
				ABA68AF42AD4DF1500181690 /* TimerSoundTests.swift in Sources */,
				AB3FD8362AC28BA5009D6C71 /* CountdownTimerTests.swift in Sources */,
				AB1BF86E2B003B64004579FF /* GripViewModelTests.swift in Sources */,
				AB6404632AD24D7D002A9778 /* TimerButtonsViewTests.swift in Sources */,
				ABDC11DC2B1449DF00F18510 /* GripTypePropertiesTest.swift in Sources */,
				ABA9E7E42ABFC05500DBF8DA /* GripsArrayTests.swift in Sources */,
				AB4E700C2B14459900878AD7 /* WorkoutPropertiesTests.swift in Sources */,
				ABFA8D4E2AC8DAA300B1C5BF /* ProgressStepperTests.swift in Sources */,
				AB9DE2382B1EE73100CBBFD5 /* WorkoutHistoryViewModelTests.swift in Sources */,
				ABE480BD2B25024400C5361C /* HistoryGripPropertiesTest.swift in Sources */,
			);
			runOnlyForDeploymentPostprocessing = 0;
		};
/* End PBXSourcesBuildPhase section */

/* Begin PBXTargetDependency section */
		AB89A6972B265EF100BF1D80 /* PBXTargetDependency */ = {
			isa = PBXTargetDependency;
			target = ABA9E77F2AAD401000DBF8DA /* CountDown */;
			targetProxy = AB89A6962B265EF100BF1D80 /* PBXContainerItemProxy */;
		};
		ABA9E7922AAD401100DBF8DA /* PBXTargetDependency */ = {
			isa = PBXTargetDependency;
			target = ABA9E77F2AAD401000DBF8DA /* CountDown */;
			targetProxy = ABA9E7912AAD401100DBF8DA /* PBXContainerItemProxy */;
		};
/* End PBXTargetDependency section */

/* Begin XCBuildConfiguration section */
		AB89A6992B265EF100BF1D80 /* Debug */ = {
			isa = XCBuildConfiguration;
			buildSettings = {
				CODE_SIGN_STYLE = Automatic;
				CURRENT_PROJECT_VERSION = 1;
				DEVELOPMENT_TEAM = 6XT4W8GZ4B;
				GENERATE_INFOPLIST_FILE = YES;
				MARKETING_VERSION = 1.0;
				PRODUCT_BUNDLE_IDENTIFIER = com.project.CountDownUITests;
				PRODUCT_NAME = "$(TARGET_NAME)";
				SUPPORTED_PLATFORMS = "iphoneos iphonesimulator";
				SUPPORTS_MACCATALYST = NO;
				SUPPORTS_MAC_DESIGNED_FOR_IPHONE_IPAD = NO;
				SWIFT_EMIT_LOC_STRINGS = NO;
				SWIFT_VERSION = 5.0;
				TARGETED_DEVICE_FAMILY = 1;
				TEST_TARGET_NAME = CountDown;
			};
			name = Debug;
		};
		AB89A69A2B265EF100BF1D80 /* Release */ = {
			isa = XCBuildConfiguration;
			buildSettings = {
				CODE_SIGN_STYLE = Automatic;
				CURRENT_PROJECT_VERSION = 1;
				DEVELOPMENT_TEAM = 6XT4W8GZ4B;
				GENERATE_INFOPLIST_FILE = YES;
				MARKETING_VERSION = 1.0;
				PRODUCT_BUNDLE_IDENTIFIER = com.project.CountDownUITests;
				PRODUCT_NAME = "$(TARGET_NAME)";
				SUPPORTED_PLATFORMS = "iphoneos iphonesimulator";
				SUPPORTS_MACCATALYST = NO;
				SUPPORTS_MAC_DESIGNED_FOR_IPHONE_IPAD = NO;
				SWIFT_EMIT_LOC_STRINGS = NO;
				SWIFT_VERSION = 5.0;
				TARGETED_DEVICE_FAMILY = 1;
				TEST_TARGET_NAME = CountDown;
			};
			name = Release;
		};
		ABA9E7A22AAD401100DBF8DA /* Debug */ = {
			isa = XCBuildConfiguration;
			buildSettings = {
				ALWAYS_SEARCH_USER_PATHS = NO;
				CLANG_ANALYZER_NONNULL = YES;
				CLANG_ANALYZER_NUMBER_OBJECT_CONVERSION = YES_AGGRESSIVE;
				CLANG_CXX_LANGUAGE_STANDARD = "gnu++20";
				CLANG_ENABLE_MODULES = YES;
				CLANG_ENABLE_OBJC_ARC = YES;
				CLANG_ENABLE_OBJC_WEAK = YES;
				CLANG_WARN_BLOCK_CAPTURE_AUTORELEASING = YES;
				CLANG_WARN_BOOL_CONVERSION = YES;
				CLANG_WARN_COMMA = YES;
				CLANG_WARN_CONSTANT_CONVERSION = YES;
				CLANG_WARN_DEPRECATED_OBJC_IMPLEMENTATIONS = YES;
				CLANG_WARN_DIRECT_OBJC_ISA_USAGE = YES_ERROR;
				CLANG_WARN_DOCUMENTATION_COMMENTS = YES;
				CLANG_WARN_EMPTY_BODY = YES;
				CLANG_WARN_ENUM_CONVERSION = YES;
				CLANG_WARN_INFINITE_RECURSION = YES;
				CLANG_WARN_INT_CONVERSION = YES;
				CLANG_WARN_NON_LITERAL_NULL_CONVERSION = YES;
				CLANG_WARN_OBJC_IMPLICIT_RETAIN_SELF = YES;
				CLANG_WARN_OBJC_LITERAL_CONVERSION = YES;
				CLANG_WARN_OBJC_ROOT_CLASS = YES_ERROR;
				CLANG_WARN_QUOTED_INCLUDE_IN_FRAMEWORK_HEADER = YES;
				CLANG_WARN_RANGE_LOOP_ANALYSIS = YES;
				CLANG_WARN_STRICT_PROTOTYPES = YES;
				CLANG_WARN_SUSPICIOUS_MOVE = YES;
				CLANG_WARN_UNGUARDED_AVAILABILITY = YES_AGGRESSIVE;
				CLANG_WARN_UNREACHABLE_CODE = YES;
				CLANG_WARN__DUPLICATE_METHOD_MATCH = YES;
				COPY_PHASE_STRIP = NO;
				DEBUG_INFORMATION_FORMAT = dwarf;
				ENABLE_STRICT_OBJC_MSGSEND = YES;
				ENABLE_TESTABILITY = YES;
				GCC_C_LANGUAGE_STANDARD = gnu11;
				GCC_DYNAMIC_NO_PIC = NO;
				GCC_NO_COMMON_BLOCKS = YES;
				GCC_OPTIMIZATION_LEVEL = 0;
				GCC_PREPROCESSOR_DEFINITIONS = (
					"DEBUG=1",
					"$(inherited)",
				);
				GCC_WARN_64_TO_32_BIT_CONVERSION = YES;
				GCC_WARN_ABOUT_RETURN_TYPE = YES_ERROR;
				GCC_WARN_UNDECLARED_SELECTOR = YES;
				GCC_WARN_UNINITIALIZED_AUTOS = YES_AGGRESSIVE;
				GCC_WARN_UNUSED_FUNCTION = YES;
				GCC_WARN_UNUSED_VARIABLE = YES;
				IPHONEOS_DEPLOYMENT_TARGET = 16.2;
				MTL_ENABLE_DEBUG_INFO = INCLUDE_SOURCE;
				MTL_FAST_MATH = YES;
				ONLY_ACTIVE_ARCH = YES;
				SDKROOT = iphoneos;
				SWIFT_ACTIVE_COMPILATION_CONDITIONS = DEBUG;
				SWIFT_OPTIMIZATION_LEVEL = "-Onone";
			};
			name = Debug;
		};
		ABA9E7A32AAD401100DBF8DA /* Release */ = {
			isa = XCBuildConfiguration;
			buildSettings = {
				ALWAYS_SEARCH_USER_PATHS = NO;
				CLANG_ANALYZER_NONNULL = YES;
				CLANG_ANALYZER_NUMBER_OBJECT_CONVERSION = YES_AGGRESSIVE;
				CLANG_CXX_LANGUAGE_STANDARD = "gnu++20";
				CLANG_ENABLE_MODULES = YES;
				CLANG_ENABLE_OBJC_ARC = YES;
				CLANG_ENABLE_OBJC_WEAK = YES;
				CLANG_WARN_BLOCK_CAPTURE_AUTORELEASING = YES;
				CLANG_WARN_BOOL_CONVERSION = YES;
				CLANG_WARN_COMMA = YES;
				CLANG_WARN_CONSTANT_CONVERSION = YES;
				CLANG_WARN_DEPRECATED_OBJC_IMPLEMENTATIONS = YES;
				CLANG_WARN_DIRECT_OBJC_ISA_USAGE = YES_ERROR;
				CLANG_WARN_DOCUMENTATION_COMMENTS = YES;
				CLANG_WARN_EMPTY_BODY = YES;
				CLANG_WARN_ENUM_CONVERSION = YES;
				CLANG_WARN_INFINITE_RECURSION = YES;
				CLANG_WARN_INT_CONVERSION = YES;
				CLANG_WARN_NON_LITERAL_NULL_CONVERSION = YES;
				CLANG_WARN_OBJC_IMPLICIT_RETAIN_SELF = YES;
				CLANG_WARN_OBJC_LITERAL_CONVERSION = YES;
				CLANG_WARN_OBJC_ROOT_CLASS = YES_ERROR;
				CLANG_WARN_QUOTED_INCLUDE_IN_FRAMEWORK_HEADER = YES;
				CLANG_WARN_RANGE_LOOP_ANALYSIS = YES;
				CLANG_WARN_STRICT_PROTOTYPES = YES;
				CLANG_WARN_SUSPICIOUS_MOVE = YES;
				CLANG_WARN_UNGUARDED_AVAILABILITY = YES_AGGRESSIVE;
				CLANG_WARN_UNREACHABLE_CODE = YES;
				CLANG_WARN__DUPLICATE_METHOD_MATCH = YES;
				COPY_PHASE_STRIP = NO;
				DEBUG_INFORMATION_FORMAT = "dwarf-with-dsym";
				ENABLE_NS_ASSERTIONS = NO;
				ENABLE_STRICT_OBJC_MSGSEND = YES;
				GCC_C_LANGUAGE_STANDARD = gnu11;
				GCC_NO_COMMON_BLOCKS = YES;
				GCC_WARN_64_TO_32_BIT_CONVERSION = YES;
				GCC_WARN_ABOUT_RETURN_TYPE = YES_ERROR;
				GCC_WARN_UNDECLARED_SELECTOR = YES;
				GCC_WARN_UNINITIALIZED_AUTOS = YES_AGGRESSIVE;
				GCC_WARN_UNUSED_FUNCTION = YES;
				GCC_WARN_UNUSED_VARIABLE = YES;
				IPHONEOS_DEPLOYMENT_TARGET = 16.2;
				MTL_ENABLE_DEBUG_INFO = NO;
				MTL_FAST_MATH = YES;
				SDKROOT = iphoneos;
				SWIFT_COMPILATION_MODE = wholemodule;
				SWIFT_OPTIMIZATION_LEVEL = "-O";
				VALIDATE_PRODUCT = YES;
			};
			name = Release;
		};
		ABA9E7A52AAD401100DBF8DA /* Debug */ = {
			isa = XCBuildConfiguration;
			buildSettings = {
				ASSETCATALOG_COMPILER_APPICON_NAME = AppIcon;
				ASSETCATALOG_COMPILER_GLOBAL_ACCENT_COLOR_NAME = AccentColor;
				CODE_SIGN_IDENTITY = "Apple Development";
				"CODE_SIGN_IDENTITY[sdk=iphoneos*]" = "iPhone Distribution";
				CODE_SIGN_STYLE = Manual;
				CURRENT_PROJECT_VERSION = 1;
				DEVELOPMENT_ASSET_PATHS = "\"CountDown/Preview Content\"";
				DEVELOPMENT_TEAM = "";
				"DEVELOPMENT_TEAM[sdk=iphoneos*]" = 6XT4W8GZ4B;
				ENABLE_PREVIEWS = YES;
				GENERATE_INFOPLIST_FILE = YES;
				INFOPLIST_KEY_UIApplicationSceneManifest_Generation = YES;
				INFOPLIST_KEY_UIApplicationSupportsIndirectInputEvents = YES;
				INFOPLIST_KEY_UILaunchScreen_Generation = YES;
				INFOPLIST_KEY_UISupportedInterfaceOrientations = UIInterfaceOrientationPortrait;
				LD_RUNPATH_SEARCH_PATHS = (
					"$(inherited)",
					"@executable_path/Frameworks",
				);
				MARKETING_VERSION = 1.2.2;
				PRODUCT_BUNDLE_IDENTIFIER = com.project.CountDown;
				PRODUCT_NAME = "$(TARGET_NAME)";
				PROVISIONING_PROFILE_SPECIFIER = "";
				"PROVISIONING_PROFILE_SPECIFIER[sdk=iphoneos*]" = "com.project.CountDown AppStore";
				SUPPORTED_PLATFORMS = "iphoneos iphonesimulator";
				SUPPORTS_MACCATALYST = NO;
				SUPPORTS_MAC_DESIGNED_FOR_IPHONE_IPAD = NO;
				SWIFT_EMIT_LOC_STRINGS = YES;
				SWIFT_VERSION = 5.0;
				TARGETED_DEVICE_FAMILY = 1;
			};
			name = Debug;
		};
		ABA9E7A62AAD401100DBF8DA /* Release */ = {
			isa = XCBuildConfiguration;
			buildSettings = {
				ASSETCATALOG_COMPILER_APPICON_NAME = AppIcon;
				ASSETCATALOG_COMPILER_GLOBAL_ACCENT_COLOR_NAME = AccentColor;
				CODE_SIGN_IDENTITY = "Apple Development";
				"CODE_SIGN_IDENTITY[sdk=iphoneos*]" = "iPhone Distribution";
				CODE_SIGN_STYLE = Manual;
				CURRENT_PROJECT_VERSION = 1;
				DEVELOPMENT_ASSET_PATHS = "\"CountDown/Preview Content\"";
				DEVELOPMENT_TEAM = "";
				"DEVELOPMENT_TEAM[sdk=iphoneos*]" = 6XT4W8GZ4B;
				ENABLE_PREVIEWS = YES;
				GENERATE_INFOPLIST_FILE = YES;
				INFOPLIST_KEY_UIApplicationSceneManifest_Generation = YES;
				INFOPLIST_KEY_UIApplicationSupportsIndirectInputEvents = YES;
				INFOPLIST_KEY_UILaunchScreen_Generation = YES;
				INFOPLIST_KEY_UISupportedInterfaceOrientations = UIInterfaceOrientationPortrait;
				LD_RUNPATH_SEARCH_PATHS = (
					"$(inherited)",
					"@executable_path/Frameworks",
				);
				MARKETING_VERSION = 1.2.2;
				PRODUCT_BUNDLE_IDENTIFIER = com.project.CountDown;
				PRODUCT_NAME = "$(TARGET_NAME)";
				PROVISIONING_PROFILE_SPECIFIER = "";
				"PROVISIONING_PROFILE_SPECIFIER[sdk=iphoneos*]" = "com.project.CountDown AppStore";
				SUPPORTED_PLATFORMS = "iphoneos iphonesimulator";
				SUPPORTS_MACCATALYST = NO;
				SUPPORTS_MAC_DESIGNED_FOR_IPHONE_IPAD = NO;
				SWIFT_EMIT_LOC_STRINGS = YES;
				SWIFT_VERSION = 5.0;
				TARGETED_DEVICE_FAMILY = 1;
			};
			name = Release;
		};
		ABA9E7A82AAD401100DBF8DA /* Debug */ = {
			isa = XCBuildConfiguration;
			buildSettings = {
				ALWAYS_EMBED_SWIFT_STANDARD_LIBRARIES = YES;
				BUNDLE_LOADER = "$(TEST_HOST)";
				CODE_SIGN_STYLE = Automatic;
				CURRENT_PROJECT_VERSION = 1;
				DEVELOPMENT_TEAM = 6XT4W8GZ4B;
				GENERATE_INFOPLIST_FILE = YES;
				IPHONEOS_DEPLOYMENT_TARGET = 16.4;
				MARKETING_VERSION = 1.0;
				PRODUCT_BUNDLE_IDENTIFIER = com.project.CountDownTests;
				PRODUCT_NAME = "$(TARGET_NAME)";
				SUPPORTED_PLATFORMS = "iphoneos iphonesimulator";
				SUPPORTS_MACCATALYST = NO;
				SUPPORTS_MAC_DESIGNED_FOR_IPHONE_IPAD = NO;
				SWIFT_EMIT_LOC_STRINGS = NO;
				SWIFT_VERSION = 5.0;
				TARGETED_DEVICE_FAMILY = 1;
				TEST_HOST = "$(BUILT_PRODUCTS_DIR)/CountDown.app/$(BUNDLE_EXECUTABLE_FOLDER_PATH)/CountDown";
			};
			name = Debug;
		};
		ABA9E7A92AAD401100DBF8DA /* Release */ = {
			isa = XCBuildConfiguration;
			buildSettings = {
				ALWAYS_EMBED_SWIFT_STANDARD_LIBRARIES = YES;
				BUNDLE_LOADER = "$(TEST_HOST)";
				CODE_SIGN_STYLE = Automatic;
				CURRENT_PROJECT_VERSION = 1;
				DEVELOPMENT_TEAM = 6XT4W8GZ4B;
				GENERATE_INFOPLIST_FILE = YES;
				IPHONEOS_DEPLOYMENT_TARGET = 16.4;
				MARKETING_VERSION = 1.0;
				PRODUCT_BUNDLE_IDENTIFIER = com.project.CountDownTests;
				PRODUCT_NAME = "$(TARGET_NAME)";
				SUPPORTED_PLATFORMS = "iphoneos iphonesimulator";
				SUPPORTS_MACCATALYST = NO;
				SUPPORTS_MAC_DESIGNED_FOR_IPHONE_IPAD = NO;
				SWIFT_EMIT_LOC_STRINGS = NO;
				SWIFT_VERSION = 5.0;
				TARGETED_DEVICE_FAMILY = 1;
				TEST_HOST = "$(BUILT_PRODUCTS_DIR)/CountDown.app/$(BUNDLE_EXECUTABLE_FOLDER_PATH)/CountDown";
			};
			name = Release;
		};
/* End XCBuildConfiguration section */

/* Begin XCConfigurationList section */
		AB89A6982B265EF100BF1D80 /* Build configuration list for PBXNativeTarget "CountDownUITests" */ = {
			isa = XCConfigurationList;
			buildConfigurations = (
				AB89A6992B265EF100BF1D80 /* Debug */,
				AB89A69A2B265EF100BF1D80 /* Release */,
			);
			defaultConfigurationIsVisible = 0;
			defaultConfigurationName = Release;
		};
		ABA9E77B2AAD401000DBF8DA /* Build configuration list for PBXProject "CountDown" */ = {
			isa = XCConfigurationList;
			buildConfigurations = (
				ABA9E7A22AAD401100DBF8DA /* Debug */,
				ABA9E7A32AAD401100DBF8DA /* Release */,
			);
			defaultConfigurationIsVisible = 0;
			defaultConfigurationName = Release;
		};
		ABA9E7A42AAD401100DBF8DA /* Build configuration list for PBXNativeTarget "CountDown" */ = {
			isa = XCConfigurationList;
			buildConfigurations = (
				ABA9E7A52AAD401100DBF8DA /* Debug */,
				ABA9E7A62AAD401100DBF8DA /* Release */,
			);
			defaultConfigurationIsVisible = 0;
			defaultConfigurationName = Release;
		};
		ABA9E7A72AAD401100DBF8DA /* Build configuration list for PBXNativeTarget "CountDownTests" */ = {
			isa = XCConfigurationList;
			buildConfigurations = (
				ABA9E7A82AAD401100DBF8DA /* Debug */,
				ABA9E7A92AAD401100DBF8DA /* Release */,
			);
			defaultConfigurationIsVisible = 0;
			defaultConfigurationName = Release;
		};
/* End XCConfigurationList section */

/* Begin XCRemoteSwiftPackageReference section */
		AB2C7A5D2B33EFF5003D9929 /* XCRemoteSwiftPackageReference "Popovers" */ = {
			isa = XCRemoteSwiftPackageReference;
			repositoryURL = "https://github.com/aheze/Popovers";
			requirement = {
				kind = upToNextMajorVersion;
				minimumVersion = 1.0.0;
			};
		};
		ABE480CE2B256B5900C5361C /* XCRemoteSwiftPackageReference "Starling" */ = {
			isa = XCRemoteSwiftPackageReference;
			repositoryURL = "https://github.com/matthewreagan/Starling";
			requirement = {
				branch = master;
				kind = branch;
			};
		};
		ABFA8D482AC8D74200B1C5BF /* XCRemoteSwiftPackageReference "ViewInspector" */ = {
			isa = XCRemoteSwiftPackageReference;
			repositoryURL = "https://github.com/nalexn/ViewInspector";
			requirement = {
				kind = upToNextMajorVersion;
				minimumVersion = 0.9.8;
			};
		};
/* End XCRemoteSwiftPackageReference section */

/* Begin XCSwiftPackageProductDependency section */
		AB2C7A5E2B33EFF5003D9929 /* Popovers */ = {
			isa = XCSwiftPackageProductDependency;
			package = AB2C7A5D2B33EFF5003D9929 /* XCRemoteSwiftPackageReference "Popovers" */;
			productName = Popovers;
		};
		ABE480CF2B256B5900C5361C /* Starling */ = {
			isa = XCSwiftPackageProductDependency;
			package = ABE480CE2B256B5900C5361C /* XCRemoteSwiftPackageReference "Starling" */;
			productName = Starling;
		};
		ABFA8D502AC8DAEB00B1C5BF /* ViewInspector */ = {
			isa = XCSwiftPackageProductDependency;
			package = ABFA8D482AC8D74200B1C5BF /* XCRemoteSwiftPackageReference "ViewInspector" */;
			productName = ViewInspector;
		};
/* End XCSwiftPackageProductDependency section */

/* Begin XCVersionGroup section */
		ABA9E7B12AAD414500DBF8DA /* CountDown.xcdatamodeld */ = {
			isa = XCVersionGroup;
			children = (
				ABA9E7B22AAD414500DBF8DA /* CountDown.xcdatamodel */,
			);
			currentVersion = ABA9E7B22AAD414500DBF8DA /* CountDown.xcdatamodel */;
			path = CountDown.xcdatamodeld;
			sourceTree = "<group>";
			versionGroupType = wrapper.xcdatamodel;
		};
/* End XCVersionGroup section */
	};
	rootObject = ABA9E7782AAD401000DBF8DA /* Project object */;
}
