// !$*UTF8*$!
{
	archiveVersion = 1;
	classes = {
	};
	objectVersion = 56;
	objects = {

/* Begin PBXBuildFile section */
		AB3FD8362AC28BA5009D6C71 /* CountdownTimerTests.swift in Sources */ = {isa = PBXBuildFile; fileRef = AB3FD8352AC28BA5009D6C71 /* CountdownTimerTests.swift */; };
		AB6404632AD24D7D002A9778 /* TimerButtonsViewTests.swift in Sources */ = {isa = PBXBuildFile; fileRef = AB6404622AD24D7D002A9778 /* TimerButtonsViewTests.swift */; };
		AB7E61B32AC3DD8C0081D475 /* TimerHeader.swift in Sources */ = {isa = PBXBuildFile; fileRef = AB7E61B22AC3DD8C0081D475 /* TimerHeader.swift */; };
		AB7E61B62AC5150D0081D475 /* TimerUtilities.swift in Sources */ = {isa = PBXBuildFile; fileRef = AB7E61B52AC5150D0081D475 /* TimerUtilities.swift */; };
		AB7E61B92AC51DDD0081D475 /* TimerUtilitiesTests.swift in Sources */ = {isa = PBXBuildFile; fileRef = AB7E61B82AC51DDD0081D475 /* TimerUtilitiesTests.swift */; };
		AB7E61BB2AC520520081D475 /* TimerDurationsView.swift in Sources */ = {isa = PBXBuildFile; fileRef = AB7E61BA2AC520520081D475 /* TimerDurationsView.swift */; };
		AB7E61BD2AC5225C0081D475 /* ProgressStepper.swift in Sources */ = {isa = PBXBuildFile; fileRef = AB7E61BC2AC5225C0081D475 /* ProgressStepper.swift */; };
		ABA9E7842AAD401000DBF8DA /* CountDownApp.swift in Sources */ = {isa = PBXBuildFile; fileRef = ABA9E7832AAD401000DBF8DA /* CountDownApp.swift */; };
		ABA9E7862AAD401000DBF8DA /* MainView.swift in Sources */ = {isa = PBXBuildFile; fileRef = ABA9E7852AAD401000DBF8DA /* MainView.swift */; };
		ABA9E7882AAD401100DBF8DA /* Assets.xcassets in Resources */ = {isa = PBXBuildFile; fileRef = ABA9E7872AAD401100DBF8DA /* Assets.xcassets */; };
		ABA9E78B2AAD401100DBF8DA /* Preview Assets.xcassets in Resources */ = {isa = PBXBuildFile; fileRef = ABA9E78A2AAD401100DBF8DA /* Preview Assets.xcassets */; };
		ABA9E7B32AAD414500DBF8DA /* CountDown.xcdatamodeld in Sources */ = {isa = PBXBuildFile; fileRef = ABA9E7B12AAD414500DBF8DA /* CountDown.xcdatamodeld */; };
		ABA9E7B52AAD43DD00DBF8DA /* DataController.swift in Sources */ = {isa = PBXBuildFile; fileRef = ABA9E7B42AAD43DD00DBF8DA /* DataController.swift */; };
		ABA9E7B82AAD62C200DBF8DA /* WorkoutsView.swift in Sources */ = {isa = PBXBuildFile; fileRef = ABA9E7B72AAD62C200DBF8DA /* WorkoutsView.swift */; };
		ABA9E7BA2AAD62E700DBF8DA /* TimerSetupView.swift in Sources */ = {isa = PBXBuildFile; fileRef = ABA9E7B92AAD62E700DBF8DA /* TimerSetupView.swift */; };
		ABA9E7BC2AAD631D00DBF8DA /* SettingsView.swift in Sources */ = {isa = PBXBuildFile; fileRef = ABA9E7BB2AAD631D00DBF8DA /* SettingsView.swift */; };
		ABA9E7BE2AAD737600DBF8DA /* TimerSetupDetails.swift in Sources */ = {isa = PBXBuildFile; fileRef = ABA9E7BD2AAD737600DBF8DA /* TimerSetupDetails.swift */; };
		ABA9E7C22AAD765B00DBF8DA /* NumberPicker.swift in Sources */ = {isa = PBXBuildFile; fileRef = ABA9E7C12AAD765B00DBF8DA /* NumberPicker.swift */; };
		ABA9E7C62AAE9F8800DBF8DA /* TimePicker.swift in Sources */ = {isa = PBXBuildFile; fileRef = ABA9E7C52AAE9F8800DBF8DA /* TimePicker.swift */; };
		ABA9E7CB2AAEB80A00DBF8DA /* TimePickerButton.swift in Sources */ = {isa = PBXBuildFile; fileRef = ABA9E7CA2AAEB80A00DBF8DA /* TimePickerButton.swift */; };
		ABA9E7CD2AAECB3900DBF8DA /* CountdownTimerView.swift in Sources */ = {isa = PBXBuildFile; fileRef = ABA9E7CC2AAECB3900DBF8DA /* CountdownTimerView.swift */; };
		ABA9E7CF2AB1552700DBF8DA /* CountdownTimer.swift in Sources */ = {isa = PBXBuildFile; fileRef = ABA9E7CE2AB1552700DBF8DA /* CountdownTimer.swift */; };
		ABA9E7D22AB635AE00DBF8DA /* TimerView.swift in Sources */ = {isa = PBXBuildFile; fileRef = ABA9E7D12AB635AE00DBF8DA /* TimerView.swift */; };
		ABA9E7D62AB659BB00DBF8DA /* TimerButtonsView.swift in Sources */ = {isa = PBXBuildFile; fileRef = ABA9E7D52AB659BB00DBF8DA /* TimerButtonsView.swift */; };
		ABA9E7D82AB65D1800DBF8DA /* TrailingIconLabelStyle.swift in Sources */ = {isa = PBXBuildFile; fileRef = ABA9E7D72AB65D1800DBF8DA /* TrailingIconLabelStyle.swift */; };
		ABA9E7DA2AB6609000DBF8DA /* Theme.swift in Sources */ = {isa = PBXBuildFile; fileRef = ABA9E7D92AB6609000DBF8DA /* Theme.swift */; };
		ABA9E7DC2AB66D7B00DBF8DA /* TimerButton.swift in Sources */ = {isa = PBXBuildFile; fileRef = ABA9E7DB2AB66D7B00DBF8DA /* TimerButton.swift */; };
		ABA9E7DE2AB6828F00DBF8DA /* TimerTextView.swift in Sources */ = {isa = PBXBuildFile; fileRef = ABA9E7DD2AB6828F00DBF8DA /* TimerTextView.swift */; };
		ABA9E7E02AB7E04B00DBF8DA /* GripsArray.swift in Sources */ = {isa = PBXBuildFile; fileRef = ABA9E7DF2AB7E04B00DBF8DA /* GripsArray.swift */; };
		ABA9E7E42ABFC05500DBF8DA /* GripsArrayTests.swift in Sources */ = {isa = PBXBuildFile; fileRef = ABA9E7E32ABFC05500DBF8DA /* GripsArrayTests.swift */; };
		ABA9E7E72AC0AAF200DBF8DA /* TimerSetupDetailsTest.swift in Sources */ = {isa = PBXBuildFile; fileRef = ABA9E7E62AC0AAF200DBF8DA /* TimerSetupDetailsTest.swift */; };
		ABF19ACD2AC9F8A3007FD4F6 /* beep_high.wav in Resources */ = {isa = PBXBuildFile; fileRef = ABF19ACB2AC9F8A3007FD4F6 /* beep_high.wav */; };
		ABF19ACE2AC9F8A3007FD4F6 /* beep_low.wav in Resources */ = {isa = PBXBuildFile; fileRef = ABF19ACC2AC9F8A3007FD4F6 /* beep_low.wav */; };
		ABF19AD02AC9F8CF007FD4F6 /* AVPlayer+Beep.swift in Sources */ = {isa = PBXBuildFile; fileRef = ABF19ACF2AC9F8CF007FD4F6 /* AVPlayer+Beep.swift */; };
		ABF19AD22AC9FA09007FD4F6 /* TimerSoundPlayer.swift in Sources */ = {isa = PBXBuildFile; fileRef = ABF19AD12AC9FA09007FD4F6 /* TimerSoundPlayer.swift */; };
		ABFA8D4E2AC8DAA300B1C5BF /* ProgressStepperTests.swift in Sources */ = {isa = PBXBuildFile; fileRef = ABFA8D4D2AC8DAA300B1C5BF /* ProgressStepperTests.swift */; };
		ABFA8D512AC8DAEB00B1C5BF /* ViewInspector in Frameworks */ = {isa = PBXBuildFile; productRef = ABFA8D502AC8DAEB00B1C5BF /* ViewInspector */; };
/* End PBXBuildFile section */

/* Begin PBXContainerItemProxy section */
		ABA9E7912AAD401100DBF8DA /* PBXContainerItemProxy */ = {
			isa = PBXContainerItemProxy;
			containerPortal = ABA9E7782AAD401000DBF8DA /* Project object */;
			proxyType = 1;
			remoteGlobalIDString = ABA9E77F2AAD401000DBF8DA;
			remoteInfo = CountDown;
		};
/* End PBXContainerItemProxy section */

/* Begin PBXFileReference section */
		AB3FD8352AC28BA5009D6C71 /* CountdownTimerTests.swift */ = {isa = PBXFileReference; lastKnownFileType = sourcecode.swift; path = CountdownTimerTests.swift; sourceTree = "<group>"; };
		AB6404602AD24D32002A9778 /* CountDown.app */ = {isa = PBXFileReference; explicitFileType = wrapper.application; includeInIndex = 0; path = CountDown.app; sourceTree = BUILT_PRODUCTS_DIR; };
		AB6404612AD24D32002A9778 /* CountDownTests.xctest */ = {isa = PBXFileReference; explicitFileType = wrapper.cfbundle; includeInIndex = 0; name = CountDownTests.xctest; path = "/Users/iandocherty/Development/projects/CountDown/build/Debug-iphoneos/CountDownTests.xctest"; sourceTree = "<absolute>"; };
		AB6404622AD24D7D002A9778 /* TimerButtonsViewTests.swift */ = {isa = PBXFileReference; lastKnownFileType = sourcecode.swift; path = TimerButtonsViewTests.swift; sourceTree = "<group>"; };
		AB7E61B22AC3DD8C0081D475 /* TimerHeader.swift */ = {isa = PBXFileReference; lastKnownFileType = sourcecode.swift; path = TimerHeader.swift; sourceTree = "<group>"; };
		AB7E61B52AC5150D0081D475 /* TimerUtilities.swift */ = {isa = PBXFileReference; lastKnownFileType = sourcecode.swift; path = TimerUtilities.swift; sourceTree = "<group>"; };
		AB7E61B82AC51DDD0081D475 /* TimerUtilitiesTests.swift */ = {isa = PBXFileReference; lastKnownFileType = sourcecode.swift; path = TimerUtilitiesTests.swift; sourceTree = "<group>"; };
		AB7E61BA2AC520520081D475 /* TimerDurationsView.swift */ = {isa = PBXFileReference; lastKnownFileType = sourcecode.swift; path = TimerDurationsView.swift; sourceTree = "<group>"; };
		AB7E61BC2AC5225C0081D475 /* ProgressStepper.swift */ = {isa = PBXFileReference; lastKnownFileType = sourcecode.swift; path = ProgressStepper.swift; sourceTree = "<group>"; };
		ABA9E7832AAD401000DBF8DA /* CountDownApp.swift */ = {isa = PBXFileReference; lastKnownFileType = sourcecode.swift; path = CountDownApp.swift; sourceTree = "<group>"; };
		ABA9E7852AAD401000DBF8DA /* MainView.swift */ = {isa = PBXFileReference; lastKnownFileType = sourcecode.swift; path = MainView.swift; sourceTree = "<group>"; };
		ABA9E7872AAD401100DBF8DA /* Assets.xcassets */ = {isa = PBXFileReference; lastKnownFileType = folder.assetcatalog; path = Assets.xcassets; sourceTree = "<group>"; };
		ABA9E78A2AAD401100DBF8DA /* Preview Assets.xcassets */ = {isa = PBXFileReference; lastKnownFileType = folder.assetcatalog; path = "Preview Assets.xcassets"; sourceTree = "<group>"; };
		ABA9E7B22AAD414500DBF8DA /* CountDown.xcdatamodel */ = {isa = PBXFileReference; lastKnownFileType = wrapper.xcdatamodel; path = CountDown.xcdatamodel; sourceTree = "<group>"; };
		ABA9E7B42AAD43DD00DBF8DA /* DataController.swift */ = {isa = PBXFileReference; lastKnownFileType = sourcecode.swift; path = DataController.swift; sourceTree = "<group>"; };
		ABA9E7B72AAD62C200DBF8DA /* WorkoutsView.swift */ = {isa = PBXFileReference; lastKnownFileType = sourcecode.swift; path = WorkoutsView.swift; sourceTree = "<group>"; };
		ABA9E7B92AAD62E700DBF8DA /* TimerSetupView.swift */ = {isa = PBXFileReference; lastKnownFileType = sourcecode.swift; path = TimerSetupView.swift; sourceTree = "<group>"; };
		ABA9E7BB2AAD631D00DBF8DA /* SettingsView.swift */ = {isa = PBXFileReference; lastKnownFileType = sourcecode.swift; path = SettingsView.swift; sourceTree = "<group>"; };
		ABA9E7BD2AAD737600DBF8DA /* TimerSetupDetails.swift */ = {isa = PBXFileReference; lastKnownFileType = sourcecode.swift; path = TimerSetupDetails.swift; sourceTree = "<group>"; };
		ABA9E7C12AAD765B00DBF8DA /* NumberPicker.swift */ = {isa = PBXFileReference; lastKnownFileType = sourcecode.swift; path = NumberPicker.swift; sourceTree = "<group>"; };
		ABA9E7C52AAE9F8800DBF8DA /* TimePicker.swift */ = {isa = PBXFileReference; lastKnownFileType = sourcecode.swift; path = TimePicker.swift; sourceTree = "<group>"; };
		ABA9E7CA2AAEB80A00DBF8DA /* TimePickerButton.swift */ = {isa = PBXFileReference; lastKnownFileType = sourcecode.swift; path = TimePickerButton.swift; sourceTree = "<group>"; };
		ABA9E7CC2AAECB3900DBF8DA /* CountdownTimerView.swift */ = {isa = PBXFileReference; lastKnownFileType = sourcecode.swift; path = CountdownTimerView.swift; sourceTree = "<group>"; };
		ABA9E7CE2AB1552700DBF8DA /* CountdownTimer.swift */ = {isa = PBXFileReference; lastKnownFileType = sourcecode.swift; path = CountdownTimer.swift; sourceTree = "<group>"; };
		ABA9E7D12AB635AE00DBF8DA /* TimerView.swift */ = {isa = PBXFileReference; lastKnownFileType = sourcecode.swift; path = TimerView.swift; sourceTree = "<group>"; };
		ABA9E7D52AB659BB00DBF8DA /* TimerButtonsView.swift */ = {isa = PBXFileReference; lastKnownFileType = sourcecode.swift; path = TimerButtonsView.swift; sourceTree = "<group>"; };
		ABA9E7D72AB65D1800DBF8DA /* TrailingIconLabelStyle.swift */ = {isa = PBXFileReference; lastKnownFileType = sourcecode.swift; path = TrailingIconLabelStyle.swift; sourceTree = "<group>"; };
		ABA9E7D92AB6609000DBF8DA /* Theme.swift */ = {isa = PBXFileReference; lastKnownFileType = sourcecode.swift; path = Theme.swift; sourceTree = "<group>"; };
		ABA9E7DB2AB66D7B00DBF8DA /* TimerButton.swift */ = {isa = PBXFileReference; lastKnownFileType = sourcecode.swift; path = TimerButton.swift; sourceTree = "<group>"; };
		ABA9E7DD2AB6828F00DBF8DA /* TimerTextView.swift */ = {isa = PBXFileReference; lastKnownFileType = sourcecode.swift; path = TimerTextView.swift; sourceTree = "<group>"; };
		ABA9E7DF2AB7E04B00DBF8DA /* GripsArray.swift */ = {isa = PBXFileReference; lastKnownFileType = sourcecode.swift; path = GripsArray.swift; sourceTree = "<group>"; };
		ABA9E7E32ABFC05500DBF8DA /* GripsArrayTests.swift */ = {isa = PBXFileReference; lastKnownFileType = sourcecode.swift; path = GripsArrayTests.swift; sourceTree = "<group>"; };
		ABA9E7E62AC0AAF200DBF8DA /* TimerSetupDetailsTest.swift */ = {isa = PBXFileReference; lastKnownFileType = sourcecode.swift; path = TimerSetupDetailsTest.swift; sourceTree = "<group>"; };
		ABF19ACB2AC9F8A3007FD4F6 /* beep_high.wav */ = {isa = PBXFileReference; lastKnownFileType = audio.wav; name = beep_high.wav; path = "../../../Countdown-Hangboard-Timer/assets/audio/beep_high.wav"; sourceTree = "<group>"; };
		ABF19ACC2AC9F8A3007FD4F6 /* beep_low.wav */ = {isa = PBXFileReference; lastKnownFileType = audio.wav; name = beep_low.wav; path = "../../../Countdown-Hangboard-Timer/assets/audio/beep_low.wav"; sourceTree = "<group>"; };
		ABF19ACF2AC9F8CF007FD4F6 /* AVPlayer+Beep.swift */ = {isa = PBXFileReference; lastKnownFileType = sourcecode.swift; path = "AVPlayer+Beep.swift"; sourceTree = "<group>"; };
		ABF19AD12AC9FA09007FD4F6 /* TimerSoundPlayer.swift */ = {isa = PBXFileReference; lastKnownFileType = sourcecode.swift; path = TimerSoundPlayer.swift; sourceTree = "<group>"; };
		ABFA8D4D2AC8DAA300B1C5BF /* ProgressStepperTests.swift */ = {isa = PBXFileReference; lastKnownFileType = sourcecode.swift; path = ProgressStepperTests.swift; sourceTree = "<group>"; };
/* End PBXFileReference section */

/* Begin PBXFrameworksBuildPhase section */
		ABA9E77D2AAD401000DBF8DA /* Frameworks */ = {
			isa = PBXFrameworksBuildPhase;
			buildActionMask = 2147483647;
			files = (
			);
			runOnlyForDeploymentPostprocessing = 0;
		};
		ABA9E78D2AAD401100DBF8DA /* Frameworks */ = {
			isa = PBXFrameworksBuildPhase;
			buildActionMask = 2147483647;
			files = (
				ABFA8D512AC8DAEB00B1C5BF /* ViewInspector in Frameworks */,
			);
			runOnlyForDeploymentPostprocessing = 0;
		};
/* End PBXFrameworksBuildPhase section */

/* Begin PBXGroup section */
		AB7E61B42AC514F50081D475 /* Utilities */ = {
			isa = PBXGroup;
			children = (
				AB7E61B52AC5150D0081D475 /* TimerUtilities.swift */,
			);
			path = Utilities;
			sourceTree = "<group>";
		};
		AB7E61B72AC51DBC0081D475 /* Utilities */ = {
			isa = PBXGroup;
			children = (
				AB7E61B82AC51DDD0081D475 /* TimerUtilitiesTests.swift */,
			);
			path = Utilities;
			sourceTree = "<group>";
		};
		ABA9E7772AAD401000DBF8DA = {
			isa = PBXGroup;
			children = (
				ABA9E7822AAD401000DBF8DA /* CountDown */,
				ABA9E7932AAD401100DBF8DA /* CountDownTests */,
				AB6404602AD24D32002A9778 /* CountDown.app */,
			);
			sourceTree = "<group>";
		};
		ABA9E7822AAD401000DBF8DA /* CountDown */ = {
			isa = PBXGroup;
			children = (
				AB7E61B42AC514F50081D475 /* Utilities */,
				ABA9E7B02AAD412D00DBF8DA /* CoreData */,
				ABA9E7AF2AAD40C800DBF8DA /* Resources */,
				ABA9E7AE2AAD408000DBF8DA /* Models */,
				ABA9E7832AAD401000DBF8DA /* CountDownApp.swift */,
				ABA9E7B62AAD619C00DBF8DA /* Views */,
				ABA9E7872AAD401100DBF8DA /* Assets.xcassets */,
				ABA9E7892AAD401100DBF8DA /* Preview Content */,
			);
			path = CountDown;
			sourceTree = "<group>";
		};
		ABA9E7892AAD401100DBF8DA /* Preview Content */ = {
			isa = PBXGroup;
			children = (
				ABA9E78A2AAD401100DBF8DA /* Preview Assets.xcassets */,
			);
			path = "Preview Content";
			sourceTree = "<group>";
		};
		ABA9E7932AAD401100DBF8DA /* CountDownTests */ = {
			isa = PBXGroup;
			children = (
				AB7E61B72AC51DBC0081D475 /* Utilities */,
				ABA9E7E52AC0AAD400DBF8DA /* Models */,
				ABF19AC82AC8E779007FD4F6 /* Views */,
			);
			path = CountDownTests;
			sourceTree = "<group>";
		};
		ABA9E7AE2AAD408000DBF8DA /* Models */ = {
			isa = PBXGroup;
			children = (
				ABA9E7D92AB6609000DBF8DA /* Theme.swift */,
				ABA9E7BD2AAD737600DBF8DA /* TimerSetupDetails.swift */,
				ABA9E7CE2AB1552700DBF8DA /* CountdownTimer.swift */,
				ABA9E7DF2AB7E04B00DBF8DA /* GripsArray.swift */,
				ABF19ACF2AC9F8CF007FD4F6 /* AVPlayer+Beep.swift */,
				ABF19AD12AC9FA09007FD4F6 /* TimerSoundPlayer.swift */,
			);
			path = Models;
			sourceTree = "<group>";
		};
		ABA9E7AF2AAD40C800DBF8DA /* Resources */ = {
			isa = PBXGroup;
			children = (
				ABF19ACB2AC9F8A3007FD4F6 /* beep_high.wav */,
				ABF19ACC2AC9F8A3007FD4F6 /* beep_low.wav */,
			);
			path = Resources;
			sourceTree = "<group>";
		};
		ABA9E7B02AAD412D00DBF8DA /* CoreData */ = {
			isa = PBXGroup;
			children = (
				ABA9E7B12AAD414500DBF8DA /* CountDown.xcdatamodeld */,
				ABA9E7B42AAD43DD00DBF8DA /* DataController.swift */,
			);
			path = CoreData;
			sourceTree = "<group>";
		};
		ABA9E7B62AAD619C00DBF8DA /* Views */ = {
			isa = PBXGroup;
			children = (
				ABA9E7852AAD401000DBF8DA /* MainView.swift */,
				ABA9E7B72AAD62C200DBF8DA /* WorkoutsView.swift */,
				ABA9E7B92AAD62E700DBF8DA /* TimerSetupView.swift */,
				ABA9E7BB2AAD631D00DBF8DA /* SettingsView.swift */,
				ABA9E7C12AAD765B00DBF8DA /* NumberPicker.swift */,
				ABA9E7C52AAE9F8800DBF8DA /* TimePicker.swift */,
				ABA9E7CA2AAEB80A00DBF8DA /* TimePickerButton.swift */,
				ABA9E7CC2AAECB3900DBF8DA /* CountdownTimerView.swift */,
				ABA9E7D12AB635AE00DBF8DA /* TimerView.swift */,
				ABA9E7D52AB659BB00DBF8DA /* TimerButtonsView.swift */,
				ABA9E7D72AB65D1800DBF8DA /* TrailingIconLabelStyle.swift */,
				ABA9E7DB2AB66D7B00DBF8DA /* TimerButton.swift */,
				ABA9E7DD2AB6828F00DBF8DA /* TimerTextView.swift */,
				AB7E61B22AC3DD8C0081D475 /* TimerHeader.swift */,
				AB7E61BA2AC520520081D475 /* TimerDurationsView.swift */,
				AB7E61BC2AC5225C0081D475 /* ProgressStepper.swift */,
			);
			path = Views;
			sourceTree = "<group>";
		};
		ABA9E7E52AC0AAD400DBF8DA /* Models */ = {
			isa = PBXGroup;
			children = (
				ABA9E7E32ABFC05500DBF8DA /* GripsArrayTests.swift */,
				ABA9E7E62AC0AAF200DBF8DA /* TimerSetupDetailsTest.swift */,
				AB3FD8352AC28BA5009D6C71 /* CountdownTimerTests.swift */,
			);
			path = Models;
			sourceTree = "<group>";
		};
		ABF19AC82AC8E779007FD4F6 /* Views */ = {
			isa = PBXGroup;
			children = (
				ABFA8D4D2AC8DAA300B1C5BF /* ProgressStepperTests.swift */,
				AB6404622AD24D7D002A9778 /* TimerButtonsViewTests.swift */,
			);
			path = Views;
			sourceTree = "<group>";
		};
/* End PBXGroup section */

/* Begin PBXNativeTarget section */
		ABA9E77F2AAD401000DBF8DA /* CountDown */ = {
			isa = PBXNativeTarget;
			buildConfigurationList = ABA9E7A42AAD401100DBF8DA /* Build configuration list for PBXNativeTarget "CountDown" */;
			buildPhases = (
				ABA9E77C2AAD401000DBF8DA /* Sources */,
				ABA9E77D2AAD401000DBF8DA /* Frameworks */,
				ABA9E77E2AAD401000DBF8DA /* Resources */,
			);
			buildRules = (
			);
			dependencies = (
			);
			name = CountDown;
			packageProductDependencies = (
			);
			productName = CountDown;
			productReference = AB6404602AD24D32002A9778 /* CountDown.app */;
			productType = "com.apple.product-type.application";
		};
		ABA9E78F2AAD401100DBF8DA /* CountDownTests */ = {
			isa = PBXNativeTarget;
			buildConfigurationList = ABA9E7A72AAD401100DBF8DA /* Build configuration list for PBXNativeTarget "CountDownTests" */;
			buildPhases = (
				ABA9E78C2AAD401100DBF8DA /* Sources */,
				ABA9E78D2AAD401100DBF8DA /* Frameworks */,
				ABA9E78E2AAD401100DBF8DA /* Resources */,
			);
			buildRules = (
			);
			dependencies = (
				ABA9E7922AAD401100DBF8DA /* PBXTargetDependency */,
			);
			name = CountDownTests;
			packageProductDependencies = (
				ABFA8D502AC8DAEB00B1C5BF /* ViewInspector */,
			);
			productName = CountDownTests;
			productReference = AB6404612AD24D32002A9778 /* CountDownTests.xctest */;
			productType = "com.apple.product-type.bundle.unit-test";
		};
/* End PBXNativeTarget section */

/* Begin PBXProject section */
		ABA9E7782AAD401000DBF8DA /* Project object */ = {
			isa = PBXProject;
			attributes = {
				BuildIndependentTargetsInParallel = 1;
				LastSwiftUpdateCheck = 1430;
				LastUpgradeCheck = 1430;
				TargetAttributes = {
					ABA9E77F2AAD401000DBF8DA = {
						CreatedOnToolsVersion = 14.3.1;
					};
					ABA9E78F2AAD401100DBF8DA = {
						CreatedOnToolsVersion = 14.3.1;
						TestTargetID = ABA9E77F2AAD401000DBF8DA;
					};
				};
			};
			buildConfigurationList = ABA9E77B2AAD401000DBF8DA /* Build configuration list for PBXProject "CountDown" */;
			compatibilityVersion = "Xcode 14.0";
			developmentRegion = en;
			hasScannedForEncodings = 0;
			knownRegions = (
				en,
				Base,
			);
			mainGroup = ABA9E7772AAD401000DBF8DA;
			packageReferences = (
				ABFA8D482AC8D74200B1C5BF /* XCRemoteSwiftPackageReference "ViewInspector" */,
			);
			productRefGroup = ABA9E7772AAD401000DBF8DA;
			projectDirPath = "";
			projectRoot = "";
			targets = (
				ABA9E77F2AAD401000DBF8DA /* CountDown */,
				ABA9E78F2AAD401100DBF8DA /* CountDownTests */,
			);
		};
/* End PBXProject section */

/* Begin PBXResourcesBuildPhase section */
		ABA9E77E2AAD401000DBF8DA /* Resources */ = {
			isa = PBXResourcesBuildPhase;
			buildActionMask = 2147483647;
			files = (
				ABF19ACD2AC9F8A3007FD4F6 /* beep_high.wav in Resources */,
				ABF19ACE2AC9F8A3007FD4F6 /* beep_low.wav in Resources */,
				ABA9E78B2AAD401100DBF8DA /* Preview Assets.xcassets in Resources */,
				ABA9E7882AAD401100DBF8DA /* Assets.xcassets in Resources */,
			);
			runOnlyForDeploymentPostprocessing = 0;
		};
		ABA9E78E2AAD401100DBF8DA /* Resources */ = {
			isa = PBXResourcesBuildPhase;
			buildActionMask = 2147483647;
			files = (
			);
			runOnlyForDeploymentPostprocessing = 0;
		};
/* End PBXResourcesBuildPhase section */

/* Begin PBXSourcesBuildPhase section */
		ABA9E77C2AAD401000DBF8DA /* Sources */ = {
			isa = PBXSourcesBuildPhase;
			buildActionMask = 2147483647;
			files = (
				ABA9E7D22AB635AE00DBF8DA /* TimerView.swift in Sources */,
				ABA9E7DC2AB66D7B00DBF8DA /* TimerButton.swift in Sources */,
				ABA9E7CF2AB1552700DBF8DA /* CountdownTimer.swift in Sources */,
				AB7E61B32AC3DD8C0081D475 /* TimerHeader.swift in Sources */,
				ABA9E7BC2AAD631D00DBF8DA /* SettingsView.swift in Sources */,
				ABA9E7C22AAD765B00DBF8DA /* NumberPicker.swift in Sources */,
				ABA9E7862AAD401000DBF8DA /* MainView.swift in Sources */,
				ABA9E7DE2AB6828F00DBF8DA /* TimerTextView.swift in Sources */,
				AB7E61BD2AC5225C0081D475 /* ProgressStepper.swift in Sources */,
				AB7E61B62AC5150D0081D475 /* TimerUtilities.swift in Sources */,
				ABA9E7BE2AAD737600DBF8DA /* TimerSetupDetails.swift in Sources */,
				ABA9E7B82AAD62C200DBF8DA /* WorkoutsView.swift in Sources */,
				ABA9E7D82AB65D1800DBF8DA /* TrailingIconLabelStyle.swift in Sources */,
				ABA9E7DA2AB6609000DBF8DA /* Theme.swift in Sources */,
				ABF19AD22AC9FA09007FD4F6 /* TimerSoundPlayer.swift in Sources */,
				ABA9E7BA2AAD62E700DBF8DA /* TimerSetupView.swift in Sources */,
				ABA9E7CD2AAECB3900DBF8DA /* CountdownTimerView.swift in Sources */,
				ABA9E7C62AAE9F8800DBF8DA /* TimePicker.swift in Sources */,
				ABA9E7B52AAD43DD00DBF8DA /* DataController.swift in Sources */,
				AB7E61BB2AC520520081D475 /* TimerDurationsView.swift in Sources */,
				ABA9E7D62AB659BB00DBF8DA /* TimerButtonsView.swift in Sources */,
				ABA9E7B32AAD414500DBF8DA /* CountDown.xcdatamodeld in Sources */,
				ABF19AD02AC9F8CF007FD4F6 /* AVPlayer+Beep.swift in Sources */,
				ABA9E7842AAD401000DBF8DA /* CountDownApp.swift in Sources */,
				ABA9E7CB2AAEB80A00DBF8DA /* TimePickerButton.swift in Sources */,
				ABA9E7E02AB7E04B00DBF8DA /* GripsArray.swift in Sources */,
			);
			runOnlyForDeploymentPostprocessing = 0;
		};
		ABA9E78C2AAD401100DBF8DA /* Sources */ = {
			isa = PBXSourcesBuildPhase;
			buildActionMask = 2147483647;
			files = (
				AB7E61B92AC51DDD0081D475 /* TimerUtilitiesTests.swift in Sources */,
				AB3FD8362AC28BA5009D6C71 /* CountdownTimerTests.swift in Sources */,
				AB6404632AD24D7D002A9778 /* TimerButtonsViewTests.swift in Sources */,
				ABA9E7E42ABFC05500DBF8DA /* GripsArrayTests.swift in Sources */,
				ABA9E7E72AC0AAF200DBF8DA /* TimerSetupDetailsTest.swift in Sources */,
				ABFA8D4E2AC8DAA300B1C5BF /* ProgressStepperTests.swift in Sources */,
			);
			runOnlyForDeploymentPostprocessing = 0;
		};
/* End PBXSourcesBuildPhase section */

/* Begin PBXTargetDependency section */
		ABA9E7922AAD401100DBF8DA /* PBXTargetDependency */ = {
			isa = PBXTargetDependency;
			target = ABA9E77F2AAD401000DBF8DA /* CountDown */;
			targetProxy = ABA9E7912AAD401100DBF8DA /* PBXContainerItemProxy */;
		};
/* End PBXTargetDependency section */

/* Begin XCBuildConfiguration section */
		ABA9E7A22AAD401100DBF8DA /* Debug */ = {
			isa = XCBuildConfiguration;
			buildSettings = {
				ALWAYS_SEARCH_USER_PATHS = NO;
				CLANG_ANALYZER_NONNULL = YES;
				CLANG_ANALYZER_NUMBER_OBJECT_CONVERSION = YES_AGGRESSIVE;
				CLANG_CXX_LANGUAGE_STANDARD = "gnu++20";
				CLANG_ENABLE_MODULES = YES;
				CLANG_ENABLE_OBJC_ARC = YES;
				CLANG_ENABLE_OBJC_WEAK = YES;
				CLANG_WARN_BLOCK_CAPTURE_AUTORELEASING = YES;
				CLANG_WARN_BOOL_CONVERSION = YES;
				CLANG_WARN_COMMA = YES;
				CLANG_WARN_CONSTANT_CONVERSION = YES;
				CLANG_WARN_DEPRECATED_OBJC_IMPLEMENTATIONS = YES;
				CLANG_WARN_DIRECT_OBJC_ISA_USAGE = YES_ERROR;
				CLANG_WARN_DOCUMENTATION_COMMENTS = YES;
				CLANG_WARN_EMPTY_BODY = YES;
				CLANG_WARN_ENUM_CONVERSION = YES;
				CLANG_WARN_INFINITE_RECURSION = YES;
				CLANG_WARN_INT_CONVERSION = YES;
				CLANG_WARN_NON_LITERAL_NULL_CONVERSION = YES;
				CLANG_WARN_OBJC_IMPLICIT_RETAIN_SELF = YES;
				CLANG_WARN_OBJC_LITERAL_CONVERSION = YES;
				CLANG_WARN_OBJC_ROOT_CLASS = YES_ERROR;
				CLANG_WARN_QUOTED_INCLUDE_IN_FRAMEWORK_HEADER = YES;
				CLANG_WARN_RANGE_LOOP_ANALYSIS = YES;
				CLANG_WARN_STRICT_PROTOTYPES = YES;
				CLANG_WARN_SUSPICIOUS_MOVE = YES;
				CLANG_WARN_UNGUARDED_AVAILABILITY = YES_AGGRESSIVE;
				CLANG_WARN_UNREACHABLE_CODE = YES;
				CLANG_WARN__DUPLICATE_METHOD_MATCH = YES;
				COPY_PHASE_STRIP = NO;
				DEBUG_INFORMATION_FORMAT = dwarf;
				ENABLE_STRICT_OBJC_MSGSEND = YES;
				ENABLE_TESTABILITY = YES;
				GCC_C_LANGUAGE_STANDARD = gnu11;
				GCC_DYNAMIC_NO_PIC = NO;
				GCC_NO_COMMON_BLOCKS = YES;
				GCC_OPTIMIZATION_LEVEL = 0;
				GCC_PREPROCESSOR_DEFINITIONS = (
					"DEBUG=1",
					"$(inherited)",
				);
				GCC_WARN_64_TO_32_BIT_CONVERSION = YES;
				GCC_WARN_ABOUT_RETURN_TYPE = YES_ERROR;
				GCC_WARN_UNDECLARED_SELECTOR = YES;
				GCC_WARN_UNINITIALIZED_AUTOS = YES_AGGRESSIVE;
				GCC_WARN_UNUSED_FUNCTION = YES;
				GCC_WARN_UNUSED_VARIABLE = YES;
				IPHONEOS_DEPLOYMENT_TARGET = 16.4;
				MTL_ENABLE_DEBUG_INFO = INCLUDE_SOURCE;
				MTL_FAST_MATH = YES;
				ONLY_ACTIVE_ARCH = YES;
				SDKROOT = iphoneos;
				SWIFT_ACTIVE_COMPILATION_CONDITIONS = DEBUG;
				SWIFT_OPTIMIZATION_LEVEL = "-Onone";
			};
			name = Debug;
		};
		ABA9E7A32AAD401100DBF8DA /* Release */ = {
			isa = XCBuildConfiguration;
			buildSettings = {
				ALWAYS_SEARCH_USER_PATHS = NO;
				CLANG_ANALYZER_NONNULL = YES;
				CLANG_ANALYZER_NUMBER_OBJECT_CONVERSION = YES_AGGRESSIVE;
				CLANG_CXX_LANGUAGE_STANDARD = "gnu++20";
				CLANG_ENABLE_MODULES = YES;
				CLANG_ENABLE_OBJC_ARC = YES;
				CLANG_ENABLE_OBJC_WEAK = YES;
				CLANG_WARN_BLOCK_CAPTURE_AUTORELEASING = YES;
				CLANG_WARN_BOOL_CONVERSION = YES;
				CLANG_WARN_COMMA = YES;
				CLANG_WARN_CONSTANT_CONVERSION = YES;
				CLANG_WARN_DEPRECATED_OBJC_IMPLEMENTATIONS = YES;
				CLANG_WARN_DIRECT_OBJC_ISA_USAGE = YES_ERROR;
				CLANG_WARN_DOCUMENTATION_COMMENTS = YES;
				CLANG_WARN_EMPTY_BODY = YES;
				CLANG_WARN_ENUM_CONVERSION = YES;
				CLANG_WARN_INFINITE_RECURSION = YES;
				CLANG_WARN_INT_CONVERSION = YES;
				CLANG_WARN_NON_LITERAL_NULL_CONVERSION = YES;
				CLANG_WARN_OBJC_IMPLICIT_RETAIN_SELF = YES;
				CLANG_WARN_OBJC_LITERAL_CONVERSION = YES;
				CLANG_WARN_OBJC_ROOT_CLASS = YES_ERROR;
				CLANG_WARN_QUOTED_INCLUDE_IN_FRAMEWORK_HEADER = YES;
				CLANG_WARN_RANGE_LOOP_ANALYSIS = YES;
				CLANG_WARN_STRICT_PROTOTYPES = YES;
				CLANG_WARN_SUSPICIOUS_MOVE = YES;
				CLANG_WARN_UNGUARDED_AVAILABILITY = YES_AGGRESSIVE;
				CLANG_WARN_UNREACHABLE_CODE = YES;
				CLANG_WARN__DUPLICATE_METHOD_MATCH = YES;
				COPY_PHASE_STRIP = NO;
				DEBUG_INFORMATION_FORMAT = "dwarf-with-dsym";
				ENABLE_NS_ASSERTIONS = NO;
				ENABLE_STRICT_OBJC_MSGSEND = YES;
				GCC_C_LANGUAGE_STANDARD = gnu11;
				GCC_NO_COMMON_BLOCKS = YES;
				GCC_WARN_64_TO_32_BIT_CONVERSION = YES;
				GCC_WARN_ABOUT_RETURN_TYPE = YES_ERROR;
				GCC_WARN_UNDECLARED_SELECTOR = YES;
				GCC_WARN_UNINITIALIZED_AUTOS = YES_AGGRESSIVE;
				GCC_WARN_UNUSED_FUNCTION = YES;
				GCC_WARN_UNUSED_VARIABLE = YES;
				IPHONEOS_DEPLOYMENT_TARGET = 16.4;
				MTL_ENABLE_DEBUG_INFO = NO;
				MTL_FAST_MATH = YES;
				SDKROOT = iphoneos;
				SWIFT_COMPILATION_MODE = wholemodule;
				SWIFT_OPTIMIZATION_LEVEL = "-O";
				VALIDATE_PRODUCT = YES;
			};
			name = Release;
		};
		ABA9E7A52AAD401100DBF8DA /* Debug */ = {
			isa = XCBuildConfiguration;
			buildSettings = {
				ASSETCATALOG_COMPILER_APPICON_NAME = AppIcon;
				ASSETCATALOG_COMPILER_GLOBAL_ACCENT_COLOR_NAME = AccentColor;
				CODE_SIGN_STYLE = Automatic;
				CURRENT_PROJECT_VERSION = 1;
				DEVELOPMENT_ASSET_PATHS = "\"CountDown/Preview Content\"";
				DEVELOPMENT_TEAM = 6XT4W8GZ4B;
				ENABLE_PREVIEWS = YES;
				GENERATE_INFOPLIST_FILE = YES;
				INFOPLIST_KEY_UIApplicationSceneManifest_Generation = YES;
				INFOPLIST_KEY_UIApplicationSupportsIndirectInputEvents = YES;
				INFOPLIST_KEY_UILaunchScreen_Generation = YES;
				INFOPLIST_KEY_UISupportedInterfaceOrientations_iPad = "UIInterfaceOrientationPortrait UIInterfaceOrientationPortraitUpsideDown UIInterfaceOrientationLandscapeLeft UIInterfaceOrientationLandscapeRight";
				INFOPLIST_KEY_UISupportedInterfaceOrientations_iPhone = "UIInterfaceOrientationPortrait UIInterfaceOrientationLandscapeLeft UIInterfaceOrientationLandscapeRight";
				LD_RUNPATH_SEARCH_PATHS = (
					"$(inherited)",
					"@executable_path/Frameworks",
				);
				MARKETING_VERSION = 1.0;
				PRODUCT_BUNDLE_IDENTIFIER = com.project.CountDown;
				PRODUCT_NAME = "$(TARGET_NAME)";
				SWIFT_EMIT_LOC_STRINGS = YES;
				SWIFT_VERSION = 5.0;
				TARGETED_DEVICE_FAMILY = "1,2";
			};
			name = Debug;
		};
		ABA9E7A62AAD401100DBF8DA /* Release */ = {
			isa = XCBuildConfiguration;
			buildSettings = {
				ASSETCATALOG_COMPILER_APPICON_NAME = AppIcon;
				ASSETCATALOG_COMPILER_GLOBAL_ACCENT_COLOR_NAME = AccentColor;
				CODE_SIGN_STYLE = Automatic;
				CURRENT_PROJECT_VERSION = 1;
				DEVELOPMENT_ASSET_PATHS = "\"CountDown/Preview Content\"";
				DEVELOPMENT_TEAM = 6XT4W8GZ4B;
				ENABLE_PREVIEWS = YES;
				GENERATE_INFOPLIST_FILE = YES;
				INFOPLIST_KEY_UIApplicationSceneManifest_Generation = YES;
				INFOPLIST_KEY_UIApplicationSupportsIndirectInputEvents = YES;
				INFOPLIST_KEY_UILaunchScreen_Generation = YES;
				INFOPLIST_KEY_UISupportedInterfaceOrientations_iPad = "UIInterfaceOrientationPortrait UIInterfaceOrientationPortraitUpsideDown UIInterfaceOrientationLandscapeLeft UIInterfaceOrientationLandscapeRight";
				INFOPLIST_KEY_UISupportedInterfaceOrientations_iPhone = "UIInterfaceOrientationPortrait UIInterfaceOrientationLandscapeLeft UIInterfaceOrientationLandscapeRight";
				LD_RUNPATH_SEARCH_PATHS = (
					"$(inherited)",
					"@executable_path/Frameworks",
				);
				MARKETING_VERSION = 1.0;
				PRODUCT_BUNDLE_IDENTIFIER = com.project.CountDown;
				PRODUCT_NAME = "$(TARGET_NAME)";
				SWIFT_EMIT_LOC_STRINGS = YES;
				SWIFT_VERSION = 5.0;
				TARGETED_DEVICE_FAMILY = "1,2";
			};
			name = Release;
		};
		ABA9E7A82AAD401100DBF8DA /* Debug */ = {
			isa = XCBuildConfiguration;
			buildSettings = {
				ALWAYS_EMBED_SWIFT_STANDARD_LIBRARIES = YES;
				BUNDLE_LOADER = "$(TEST_HOST)";
				CODE_SIGN_STYLE = Automatic;
				CURRENT_PROJECT_VERSION = 1;
				DEVELOPMENT_TEAM = 6XT4W8GZ4B;
				GENERATE_INFOPLIST_FILE = YES;
				IPHONEOS_DEPLOYMENT_TARGET = 16.4;
				MARKETING_VERSION = 1.0;
				PRODUCT_BUNDLE_IDENTIFIER = com.project.CountDownTests;
				PRODUCT_NAME = "$(TARGET_NAME)";
				SWIFT_EMIT_LOC_STRINGS = NO;
				SWIFT_VERSION = 5.0;
				TARGETED_DEVICE_FAMILY = "1,2";
				TEST_HOST = "$(BUILT_PRODUCTS_DIR)/CountDown.app/$(BUNDLE_EXECUTABLE_FOLDER_PATH)/CountDown";
			};
			name = Debug;
		};
		ABA9E7A92AAD401100DBF8DA /* Release */ = {
			isa = XCBuildConfiguration;
			buildSettings = {
				ALWAYS_EMBED_SWIFT_STANDARD_LIBRARIES = YES;
				BUNDLE_LOADER = "$(TEST_HOST)";
				CODE_SIGN_STYLE = Automatic;
				CURRENT_PROJECT_VERSION = 1;
				DEVELOPMENT_TEAM = 6XT4W8GZ4B;
				GENERATE_INFOPLIST_FILE = YES;
				IPHONEOS_DEPLOYMENT_TARGET = 16.4;
				MARKETING_VERSION = 1.0;
				PRODUCT_BUNDLE_IDENTIFIER = com.project.CountDownTests;
				PRODUCT_NAME = "$(TARGET_NAME)";
				SWIFT_EMIT_LOC_STRINGS = NO;
				SWIFT_VERSION = 5.0;
				TARGETED_DEVICE_FAMILY = "1,2";
				TEST_HOST = "$(BUILT_PRODUCTS_DIR)/CountDown.app/$(BUNDLE_EXECUTABLE_FOLDER_PATH)/CountDown";
			};
			name = Release;
		};
/* End XCBuildConfiguration section */

/* Begin XCConfigurationList section */
		ABA9E77B2AAD401000DBF8DA /* Build configuration list for PBXProject "CountDown" */ = {
			isa = XCConfigurationList;
			buildConfigurations = (
				ABA9E7A22AAD401100DBF8DA /* Debug */,
				ABA9E7A32AAD401100DBF8DA /* Release */,
			);
			defaultConfigurationIsVisible = 0;
			defaultConfigurationName = Release;
		};
		ABA9E7A42AAD401100DBF8DA /* Build configuration list for PBXNativeTarget "CountDown" */ = {
			isa = XCConfigurationList;
			buildConfigurations = (
				ABA9E7A52AAD401100DBF8DA /* Debug */,
				ABA9E7A62AAD401100DBF8DA /* Release */,
			);
			defaultConfigurationIsVisible = 0;
			defaultConfigurationName = Release;
		};
		ABA9E7A72AAD401100DBF8DA /* Build configuration list for PBXNativeTarget "CountDownTests" */ = {
			isa = XCConfigurationList;
			buildConfigurations = (
				ABA9E7A82AAD401100DBF8DA /* Debug */,
				ABA9E7A92AAD401100DBF8DA /* Release */,
			);
			defaultConfigurationIsVisible = 0;
			defaultConfigurationName = Release;
		};
/* End XCConfigurationList section */

/* Begin XCRemoteSwiftPackageReference section */
		ABFA8D482AC8D74200B1C5BF /* XCRemoteSwiftPackageReference "ViewInspector" */ = {
			isa = XCRemoteSwiftPackageReference;
			repositoryURL = "https://github.com/nalexn/ViewInspector";
			requirement = {
				kind = upToNextMajorVersion;
				minimumVersion = 0.9.8;
			};
		};
/* End XCRemoteSwiftPackageReference section */

/* Begin XCSwiftPackageProductDependency section */
		ABFA8D502AC8DAEB00B1C5BF /* ViewInspector */ = {
			isa = XCSwiftPackageProductDependency;
			package = ABFA8D482AC8D74200B1C5BF /* XCRemoteSwiftPackageReference "ViewInspector" */;
			productName = ViewInspector;
		};
/* End XCSwiftPackageProductDependency section */

/* Begin XCVersionGroup section */
		ABA9E7B12AAD414500DBF8DA /* CountDown.xcdatamodeld */ = {
			isa = XCVersionGroup;
			children = (
				ABA9E7B22AAD414500DBF8DA /* CountDown.xcdatamodel */,
			);
			currentVersion = ABA9E7B22AAD414500DBF8DA /* CountDown.xcdatamodel */;
			path = CountDown.xcdatamodeld;
			sourceTree = "<group>";
			versionGroupType = wrapper.xcdatamodel;
		};
/* End XCVersionGroup section */
	};
	rootObject = ABA9E7782AAD401000DBF8DA /* Project object */;
}
