{
  "originHash" : "cde6c37d3cd392350ad8f0d3158d4f0afbacfec35f433a5baf193ba30531fc1d",
  "pins" : [
    {
      "identity" : "exceptioncatcher",
      "kind" : "remoteSourceControl",
      "location" : "https://github.com/sindresorhus/ExceptionCatcher.git",
      "state" : {
        "revision" : "a7acaf40f8bd67a1f3a05a14de5b6a861ac3d1ac",
        "version" : "2.0.1"
      }
    },
    {
      "identity" : "popovers",
      "kind" : "remoteSourceControl",
      "location" : "https://github.com/aheze/Popovers",
      "state" : {
        "revision" : "de44c4dd7271ec6413fe350f7efadb14e5e18dce",
        "version" : "1.3.2"
      }
    },
    {
      "identity" : "starling",
      "kind" : "remoteSourceControl",
      "location" : "https://github.com/matthewreagan/Starling",
      "state" : {
        "branch" : "master",
        "revision" : "c6afad311e81ea2a1de39e7a4b45242200dc90e7"
      }
    },
    {
      "identity" : "viewinspector",
      "kind" : "remoteSourceControl",
      "location" : "https://github.com/nalexn/ViewInspector",
      "state" : {
        "revision" : "788e7879d38a839c4e348ab0762dcc0364e646a2",
        "version" : "0.10.1"
      }
    }
  ],
  "version" : 3
}
